PODS:
  - Flurry-iOS-SDK/FlurrySDK (7.3.0)
  - MWFeedParser (1.0.1):
    - MWFeedParser/FeedParser (= 1.0.1)
    - MWFeedParser/NSDate+InternetDateTime (= 1.0.1)
    - MWFeedParser/NSString+HTML (= 1.0.1)
  - MWFeedParser/FeedParser (1.0.1):
    - MWFeedParser/NSDate+InternetDateTime
    - MWFeedParser/NSString+HTML
  - MWFeedParser/NSDate+InternetDateTime (1.0.1)
  - MWFeedParser/NSString+HTML (1.0.1)

DEPENDENCIES:
  - Flurry-iOS-SDK/FlurrySDK
  - MWFeedParser

SPEC CHECKSUMS:
  Flurry-iOS-SDK: 054befae0fa0244fb000985bfe757d70f87a9f60
  MWFeedParser: 2cf646014c1baf6ad1b08c480b40a08180079247

PODFILE CHECKSUM: 6c9ba6bd744987f5b55e23607fdde124599db73d

COCOAPODS: 1.1.1
