// !$*UTF8*$!
{
	archiveVersion = 1;
	classes = {
	};
	objectVersion = 46;
	objects = {

/* Begin PBXBuildFile section */
		2937D6037F1A68D9C6268221 /* libPods-CorvallisBus.a in Frameworks */ = {isa = PBXBuildFile; fileRef = 54F1926E13E2CA796C2D375B /* libPods-CorvallisBus.a */; };
		5C07B47A1A07045800F5928E /* Bolts.framework in Frameworks */ = {isa = PBXBuildFile; fileRef = 5C07B4781A07045800F5928E /* Bolts.framework */; };
		5C07B47B1A07045800F5928E /* Parse.framework in Frameworks */ = {isa = PBXBuildFile; fileRef = 5C07B4791A07045800F5928E /* Parse.framework */; };
		5C07B47D1A07048400F5928E /* AudioToolbox.framework in Frameworks */ = {isa = PBXBuildFile; fileRef = 5C07B47C1A07048400F5928E /* AudioToolbox.framework */; };
		5C07B47F1A07048D00F5928E /* CFNetwork.framework in Frameworks */ = {isa = PBXBuildFile; fileRef = 5C07B47E1A07048C00F5928E /* CFNetwork.framework */; };
		5C07B4811A07049400F5928E /* CoreGraphics.framework in Frameworks */ = {isa = PBXBuildFile; fileRef = 5C07B4801A07049400F5928E /* CoreGraphics.framework */; };
		5C07B4821A07049800F5928E /* CoreLocation.framework in Frameworks */ = {isa = PBXBuildFile; fileRef = 5C36E08019F7293700024186 /* CoreLocation.framework */; };
		5C07B4841A0704A800F5928E /* libz.dylib in Frameworks */ = {isa = PBXBuildFile; fileRef = 5C07B4831A0704A800F5928E /* libz.dylib */; };
		5C07B4861A0704B600F5928E /* MobileCoreServices.framework in Frameworks */ = {isa = PBXBuildFile; fileRef = 5C07B4851A0704B600F5928E /* MobileCoreServices.framework */; };
		5C07B4881A0704BE00F5928E /* QuartzCore.framework in Frameworks */ = {isa = PBXBuildFile; fileRef = 5C07B4871A0704BE00F5928E /* QuartzCore.framework */; };
		5C07B48A1A0704C600F5928E /* Security.framework in Frameworks */ = {isa = PBXBuildFile; fileRef = 5C07B4891A0704C600F5928E /* Security.framework */; };
		5C07B48C1A0704CC00F5928E /* StoreKit.framework in Frameworks */ = {isa = PBXBuildFile; fileRef = 5C07B48B1A0704CC00F5928E /* StoreKit.framework */; };
		5C07B48E1A0704D200F5928E /* SystemConfiguration.framework in Frameworks */ = {isa = PBXBuildFile; fileRef = 5C07B48D1A0704D200F5928E /* SystemConfiguration.framework */; };
		5C22684119F1DF1300B8A694 /* FavoritesTableViewController.swift in Sources */ = {isa = PBXBuildFile; fileRef = 5C22684019F1DF1300B8A694 /* FavoritesTableViewController.swift */; };
		5C284F351A00A01400871B97 /* ServiceAlertsViewController.swift in Sources */ = {isa = PBXBuildFile; fileRef = 5C284F341A00A01400871B97 /* ServiceAlertsViewController.swift */; };
		5C36E08119F7293700024186 /* CoreLocation.framework in Frameworks */ = {isa = PBXBuildFile; fileRef = 5C36E08019F7293700024186 /* CoreLocation.framework */; };
		5C3992E51A04534000AF52E4 /* BusStopAnnotation.swift in Sources */ = {isa = PBXBuildFile; fileRef = 5C3992E41A04534000AF52E4 /* BusStopAnnotation.swift */; };
		5C3992F21A05B30B00AF52E4 /* Images.xcassets in Resources */ = {isa = PBXBuildFile; fileRef = 5C4937DA19CFCB82009A2FB2 /* Images.xcassets */; };
		5C4937D219CFCB82009A2FB2 /* AppDelegate.swift in Sources */ = {isa = PBXBuildFile; fileRef = 5C4937D119CFCB82009A2FB2 /* AppDelegate.swift */; };
		5C4937D919CFCB82009A2FB2 /* Main.storyboard in Resources */ = {isa = PBXBuildFile; fileRef = 5C4937D719CFCB82009A2FB2 /* Main.storyboard */; };
		5C4937DB19CFCB82009A2FB2 /* Images.xcassets in Resources */ = {isa = PBXBuildFile; fileRef = 5C4937DA19CFCB82009A2FB2 /* Images.xcassets */; };
		5C4937DE19CFCB82009A2FB2 /* LaunchScreen.xib in Resources */ = {isa = PBXBuildFile; fileRef = 5C4937DC19CFCB82009A2FB2 /* LaunchScreen.xib */; };
		5C4937EA19CFCB82009A2FB2 /* CorvallisBusTests.swift in Sources */ = {isa = PBXBuildFile; fileRef = 5C4937E919CFCB82009A2FB2 /* CorvallisBusTests.swift */; };
		5C7612631A0973F4001F9DBE /* ServiceAlertTableViewCell.swift in Sources */ = {isa = PBXBuildFile; fileRef = 5C7612621A0973F4001F9DBE /* ServiceAlertTableViewCell.swift */; };
		5C7612731A09C75E001F9DBE /* libCorvallisBusLibrary.a in Frameworks */ = {isa = PBXBuildFile; fileRef = 5C7612681A09C75E001F9DBE /* libCorvallisBusLibrary.a */; };
		5C76169E1A0AC223008E4A57 /* BusArrival.swift in Sources */ = {isa = PBXBuildFile; fileRef = 5C7616961A0AC223008E4A57 /* BusArrival.swift */; };
		5C76169F1A0AC223008E4A57 /* BusRoute.swift in Sources */ = {isa = PBXBuildFile; fileRef = 5C7616971A0AC223008E4A57 /* BusRoute.swift */; };
		5C7616A01A0AC223008E4A57 /* BusStop.swift in Sources */ = {isa = PBXBuildFile; fileRef = 5C7616981A0AC223008E4A57 /* BusStop.swift */; };
		5C7616A11A0AC223008E4A57 /* CorvallisBusLocationManagerDelegate.swift in Sources */ = {isa = PBXBuildFile; fileRef = 5C76169A1A0AC223008E4A57 /* CorvallisBusLocationManagerDelegate.swift */; };
		5C7616A21A0AC223008E4A57 /* CorvallisBusService.swift in Sources */ = {isa = PBXBuildFile; fileRef = 5C76169B1A0AC223008E4A57 /* CorvallisBusService.swift */; };
		5C7616A31A0AC223008E4A57 /* FavoriteStopTableViewCell.swift in Sources */ = {isa = PBXBuildFile; fileRef = 5C76169C1A0AC223008E4A57 /* FavoriteStopTableViewCell.swift */; };
		5C7616A41A0AC223008E4A57 /* Utils.swift in Sources */ = {isa = PBXBuildFile; fileRef = 5C76169D1A0AC223008E4A57 /* Utils.swift */; };
		5C7616A51A0AC236008E4A57 /* BusArrival.swift in Sources */ = {isa = PBXBuildFile; fileRef = 5C7616961A0AC223008E4A57 /* BusArrival.swift */; };
		5C7616A61A0AC237008E4A57 /* BusArrival.swift in Sources */ = {isa = PBXBuildFile; fileRef = 5C7616961A0AC223008E4A57 /* BusArrival.swift */; };
		5C7616A71A0AC239008E4A57 /* BusRoute.swift in Sources */ = {isa = PBXBuildFile; fileRef = 5C7616971A0AC223008E4A57 /* BusRoute.swift */; };
		5C7616A81A0AC23A008E4A57 /* BusRoute.swift in Sources */ = {isa = PBXBuildFile; fileRef = 5C7616971A0AC223008E4A57 /* BusRoute.swift */; };
		5C7616A91A0AC23D008E4A57 /* BusStop.swift in Sources */ = {isa = PBXBuildFile; fileRef = 5C7616981A0AC223008E4A57 /* BusStop.swift */; };
		5C7616AA1A0AC23E008E4A57 /* BusStop.swift in Sources */ = {isa = PBXBuildFile; fileRef = 5C7616981A0AC223008E4A57 /* BusStop.swift */; };
		5C7616AB1A0AC240008E4A57 /* CorvallisBusLocationManagerDelegate.swift in Sources */ = {isa = PBXBuildFile; fileRef = 5C76169A1A0AC223008E4A57 /* CorvallisBusLocationManagerDelegate.swift */; };
		5C7616AC1A0AC240008E4A57 /* CorvallisBusLocationManagerDelegate.swift in Sources */ = {isa = PBXBuildFile; fileRef = 5C76169A1A0AC223008E4A57 /* CorvallisBusLocationManagerDelegate.swift */; };
		5C7616AD1A0AC243008E4A57 /* CorvallisBusService.swift in Sources */ = {isa = PBXBuildFile; fileRef = 5C76169B1A0AC223008E4A57 /* CorvallisBusService.swift */; };
		5C7616AE1A0AC244008E4A57 /* CorvallisBusService.swift in Sources */ = {isa = PBXBuildFile; fileRef = 5C76169B1A0AC223008E4A57 /* CorvallisBusService.swift */; };
		5C7616AF1A0AC246008E4A57 /* FavoriteStopTableViewCell.swift in Sources */ = {isa = PBXBuildFile; fileRef = 5C76169C1A0AC223008E4A57 /* FavoriteStopTableViewCell.swift */; };
		5C7616B01A0AC246008E4A57 /* FavoriteStopTableViewCell.swift in Sources */ = {isa = PBXBuildFile; fileRef = 5C76169C1A0AC223008E4A57 /* FavoriteStopTableViewCell.swift */; };
		5C7616B11A0AC249008E4A57 /* Utils.swift in Sources */ = {isa = PBXBuildFile; fileRef = 5C76169D1A0AC223008E4A57 /* Utils.swift */; };
		5C7616B21A0AC249008E4A57 /* Utils.swift in Sources */ = {isa = PBXBuildFile; fileRef = 5C76169D1A0AC223008E4A57 /* Utils.swift */; };
		5C7616B31A0AC263008E4A57 /* BusArrival.swift in Sources */ = {isa = PBXBuildFile; fileRef = 5C7616961A0AC223008E4A57 /* BusArrival.swift */; };
		5C7616B41A0AC26C008E4A57 /* Utils.swift in Sources */ = {isa = PBXBuildFile; fileRef = 5C76169D1A0AC223008E4A57 /* Utils.swift */; };
		5C79C1B51A035662002F7E58 /* StopsMapViewController.swift in Sources */ = {isa = PBXBuildFile; fileRef = 5C79C1B41A035662002F7E58 /* StopsMapViewController.swift */; };
		5CEA85171A087E3800B7FBD9 /* TodayTableViewCell.xib in Resources */ = {isa = PBXBuildFile; fileRef = 5CEA85161A087E3800B7FBD9 /* TodayTableViewCell.xib */; };
		5CEA85191A087F3A00B7FBD9 /* FavoritesTableViewCell.xib in Resources */ = {isa = PBXBuildFile; fileRef = 5CEA85181A087F3A00B7FBD9 /* FavoritesTableViewCell.xib */; };
		5CF192AB19EF513100CB21EC /* NotificationCenter.framework in Frameworks */ = {isa = PBXBuildFile; fileRef = 5CF192AA19EF513100CB21EC /* NotificationCenter.framework */; };
		5CF192B019EF513100CB21EC /* TodayViewController.swift in Sources */ = {isa = PBXBuildFile; fileRef = 5CF192AF19EF513100CB21EC /* TodayViewController.swift */; };
		5CF192B219EF513100CB21EC /* MainInterface.storyboard in Resources */ = {isa = PBXBuildFile; fileRef = 5CF192B119EF513100CB21EC /* MainInterface.storyboard */; };
		5CF192B519EF513100CB21EC /* CorvallisBusTodayExtension.appex in Embed App Extensions */ = {isa = PBXBuildFile; fileRef = 5CF192A819EF513100CB21EC /* CorvallisBusTodayExtension.appex */; settings = {ATTRIBUTES = (RemoveHeadersOnCopy, ); }; };
/* End PBXBuildFile section */

/* Begin PBXContainerItemProxy section */
		5C4937E419CFCB82009A2FB2 /* PBXContainerItemProxy */ = {
			isa = PBXContainerItemProxy;
			containerPortal = 5C4937C419CFCB82009A2FB2 /* Project object */;
			proxyType = 1;
			remoteGlobalIDString = 5C4937CB19CFCB82009A2FB2;
			remoteInfo = CorvallisBus;
		};
		5C7612741A09C75E001F9DBE /* PBXContainerItemProxy */ = {
			isa = PBXContainerItemProxy;
			containerPortal = 5C4937C419CFCB82009A2FB2 /* Project object */;
			proxyType = 1;
			remoteGlobalIDString = 5C7612671A09C75E001F9DBE;
			remoteInfo = CorvallisBusLibrary;
		};
		5CF192B319EF513100CB21EC /* PBXContainerItemProxy */ = {
			isa = PBXContainerItemProxy;
			containerPortal = 5C4937C419CFCB82009A2FB2 /* Project object */;
			proxyType = 1;
			remoteGlobalIDString = 5CF192A719EF513100CB21EC;
			remoteInfo = CorvallisBusTodayExtension;
		};
		5CF192B619EF513100CB21EC /* PBXContainerItemProxy */ = {
			isa = PBXContainerItemProxy;
			containerPortal = 5C4937C419CFCB82009A2FB2 /* Project object */;
			proxyType = 1;
			remoteGlobalIDString = 5CF192A719EF513100CB21EC;
			remoteInfo = CorvallisBusTodayExtension;
		};
/* End PBXContainerItemProxy section */

/* Begin PBXCopyFilesBuildPhase section */
		5C7612661A09C75E001F9DBE /* CopyFiles */ = {
			isa = PBXCopyFilesBuildPhase;
			buildActionMask = 2147483647;
			dstPath = "include/$(PRODUCT_NAME)";
			dstSubfolderSpec = 16;
			files = (
			);
			runOnlyForDeploymentPostprocessing = 0;
		};
		5CF192BB19EF513100CB21EC /* Embed App Extensions */ = {
			isa = PBXCopyFilesBuildPhase;
			buildActionMask = 2147483647;
			dstPath = "";
			dstSubfolderSpec = 13;
			files = (
				5CF192B519EF513100CB21EC /* CorvallisBusTodayExtension.appex in Embed App Extensions */,
			);
			name = "Embed App Extensions";
			runOnlyForDeploymentPostprocessing = 0;
		};
		5CF1930B19EF52B600CB21EC /* Embed Frameworks */ = {
			isa = PBXCopyFilesBuildPhase;
			buildActionMask = 2147483647;
			dstPath = "";
			dstSubfolderSpec = 10;
			files = (
			);
			name = "Embed Frameworks";
			runOnlyForDeploymentPostprocessing = 0;
		};
/* End PBXCopyFilesBuildPhase section */

/* Begin PBXFileReference section */
		54F1926E13E2CA796C2D375B /* libPods-CorvallisBus.a */ = {isa = PBXFileReference; explicitFileType = archive.ar; includeInIndex = 0; path = "libPods-CorvallisBus.a"; sourceTree = BUILT_PRODUCTS_DIR; };
		5C02311119E9C69900135B42 /* CorvallisBus.entitlements */ = {isa = PBXFileReference; lastKnownFileType = text.xml; path = CorvallisBus.entitlements; sourceTree = "<group>"; };
		5C07B4781A07045800F5928E /* Bolts.framework */ = {isa = PBXFileReference; lastKnownFileType = wrapper.framework; path = Bolts.framework; sourceTree = "<group>"; };
		5C07B4791A07045800F5928E /* Parse.framework */ = {isa = PBXFileReference; lastKnownFileType = wrapper.framework; path = Parse.framework; sourceTree = "<group>"; };
		5C07B47C1A07048400F5928E /* AudioToolbox.framework */ = {isa = PBXFileReference; lastKnownFileType = wrapper.framework; name = AudioToolbox.framework; path = System/Library/Frameworks/AudioToolbox.framework; sourceTree = SDKROOT; };
		5C07B47E1A07048C00F5928E /* CFNetwork.framework */ = {isa = PBXFileReference; lastKnownFileType = wrapper.framework; name = CFNetwork.framework; path = System/Library/Frameworks/CFNetwork.framework; sourceTree = SDKROOT; };
		5C07B4801A07049400F5928E /* CoreGraphics.framework */ = {isa = PBXFileReference; lastKnownFileType = wrapper.framework; name = CoreGraphics.framework; path = System/Library/Frameworks/CoreGraphics.framework; sourceTree = SDKROOT; };
		5C07B4831A0704A800F5928E /* libz.dylib */ = {isa = PBXFileReference; lastKnownFileType = "compiled.mach-o.dylib"; name = libz.dylib; path = usr/lib/libz.dylib; sourceTree = SDKROOT; };
		5C07B4851A0704B600F5928E /* MobileCoreServices.framework */ = {isa = PBXFileReference; lastKnownFileType = wrapper.framework; name = MobileCoreServices.framework; path = System/Library/Frameworks/MobileCoreServices.framework; sourceTree = SDKROOT; };
		5C07B4871A0704BE00F5928E /* QuartzCore.framework */ = {isa = PBXFileReference; lastKnownFileType = wrapper.framework; name = QuartzCore.framework; path = System/Library/Frameworks/QuartzCore.framework; sourceTree = SDKROOT; };
		5C07B4891A0704C600F5928E /* Security.framework */ = {isa = PBXFileReference; lastKnownFileType = wrapper.framework; name = Security.framework; path = System/Library/Frameworks/Security.framework; sourceTree = SDKROOT; };
		5C07B48B1A0704CC00F5928E /* StoreKit.framework */ = {isa = PBXFileReference; lastKnownFileType = wrapper.framework; name = StoreKit.framework; path = System/Library/Frameworks/StoreKit.framework; sourceTree = SDKROOT; };
		5C07B48D1A0704D200F5928E /* SystemConfiguration.framework */ = {isa = PBXFileReference; lastKnownFileType = wrapper.framework; name = SystemConfiguration.framework; path = System/Library/Frameworks/SystemConfiguration.framework; sourceTree = SDKROOT; };
		5C22684019F1DF1300B8A694 /* FavoritesTableViewController.swift */ = {isa = PBXFileReference; fileEncoding = 4; lastKnownFileType = sourcecode.swift; path = FavoritesTableViewController.swift; sourceTree = "<group>"; };
		5C284F341A00A01400871B97 /* ServiceAlertsViewController.swift */ = {isa = PBXFileReference; fileEncoding = 4; lastKnownFileType = sourcecode.swift; path = ServiceAlertsViewController.swift; sourceTree = "<group>"; };
		5C36E08019F7293700024186 /* CoreLocation.framework */ = {isa = PBXFileReference; lastKnownFileType = wrapper.framework; name = CoreLocation.framework; path = System/Library/Frameworks/CoreLocation.framework; sourceTree = SDKROOT; };
		5C3992E41A04534000AF52E4 /* BusStopAnnotation.swift */ = {isa = PBXFileReference; fileEncoding = 4; lastKnownFileType = sourcecode.swift; path = BusStopAnnotation.swift; sourceTree = "<group>"; };
		5C4937CC19CFCB82009A2FB2 /* CorvallisBus.app */ = {isa = PBXFileReference; explicitFileType = wrapper.application; includeInIndex = 0; path = CorvallisBus.app; sourceTree = BUILT_PRODUCTS_DIR; };
		5C4937D019CFCB82009A2FB2 /* Info.plist */ = {isa = PBXFileReference; lastKnownFileType = text.plist.xml; path = Info.plist; sourceTree = "<group>"; };
		5C4937D119CFCB82009A2FB2 /* AppDelegate.swift */ = {isa = PBXFileReference; lastKnownFileType = sourcecode.swift; path = AppDelegate.swift; sourceTree = "<group>"; };
		5C4937D819CFCB82009A2FB2 /* Base */ = {isa = PBXFileReference; lastKnownFileType = file.storyboard; name = Base; path = Base.lproj/Main.storyboard; sourceTree = "<group>"; };
		5C4937DA19CFCB82009A2FB2 /* Images.xcassets */ = {isa = PBXFileReference; lastKnownFileType = folder.assetcatalog; path = Images.xcassets; sourceTree = "<group>"; };
		5C4937DD19CFCB82009A2FB2 /* Base */ = {isa = PBXFileReference; lastKnownFileType = file.xib; name = Base; path = Base.lproj/LaunchScreen.xib; sourceTree = "<group>"; };
		5C4937E319CFCB82009A2FB2 /* CorvallisBusTests.xctest */ = {isa = PBXFileReference; explicitFileType = wrapper.cfbundle; includeInIndex = 0; path = CorvallisBusTests.xctest; sourceTree = BUILT_PRODUCTS_DIR; };
		5C4937E819CFCB82009A2FB2 /* Info.plist */ = {isa = PBXFileReference; lastKnownFileType = text.plist.xml; path = Info.plist; sourceTree = "<group>"; };
		5C4937E919CFCB82009A2FB2 /* CorvallisBusTests.swift */ = {isa = PBXFileReference; lastKnownFileType = sourcecode.swift; path = CorvallisBusTests.swift; sourceTree = "<group>"; };
		5C7612611A096E0D001F9DBE /* BridgingHeader.h */ = {isa = PBXFileReference; fileEncoding = 4; lastKnownFileType = sourcecode.c.h; path = BridgingHeader.h; sourceTree = "<group>"; };
		5C7612621A0973F4001F9DBE /* ServiceAlertTableViewCell.swift */ = {isa = PBXFileReference; fileEncoding = 4; lastKnownFileType = sourcecode.swift; path = ServiceAlertTableViewCell.swift; sourceTree = "<group>"; };
		5C7612681A09C75E001F9DBE /* libCorvallisBusLibrary.a */ = {isa = PBXFileReference; explicitFileType = archive.ar; includeInIndex = 0; path = libCorvallisBusLibrary.a; sourceTree = BUILT_PRODUCTS_DIR; };
		5C7612721A09C75E001F9DBE /* CorvallisBusLibraryTests.xctest */ = {isa = PBXFileReference; explicitFileType = wrapper.cfbundle; includeInIndex = 0; path = CorvallisBusLibraryTests.xctest; sourceTree = BUILT_PRODUCTS_DIR; };
		5C7612781A09C75E001F9DBE /* Info.plist */ = {isa = PBXFileReference; lastKnownFileType = text.plist.xml; path = Info.plist; sourceTree = "<group>"; };
		5C7616961A0AC223008E4A57 /* BusArrival.swift */ = {isa = PBXFileReference; fileEncoding = 4; lastKnownFileType = sourcecode.swift; path = BusArrival.swift; sourceTree = "<group>"; };
		5C7616971A0AC223008E4A57 /* BusRoute.swift */ = {isa = PBXFileReference; fileEncoding = 4; lastKnownFileType = sourcecode.swift; path = BusRoute.swift; sourceTree = "<group>"; };
		5C7616981A0AC223008E4A57 /* BusStop.swift */ = {isa = PBXFileReference; fileEncoding = 4; lastKnownFileType = sourcecode.swift; path = BusStop.swift; sourceTree = "<group>"; };
		5C7616991A0AC223008E4A57 /* Corvallis, OR.gpx */ = {isa = PBXFileReference; fileEncoding = 4; lastKnownFileType = text.xml; path = "Corvallis, OR.gpx"; sourceTree = "<group>"; };
		5C76169A1A0AC223008E4A57 /* CorvallisBusLocationManagerDelegate.swift */ = {isa = PBXFileReference; fileEncoding = 4; lastKnownFileType = sourcecode.swift; path = CorvallisBusLocationManagerDelegate.swift; sourceTree = "<group>"; };
		5C76169B1A0AC223008E4A57 /* CorvallisBusService.swift */ = {isa = PBXFileReference; fileEncoding = 4; lastKnownFileType = sourcecode.swift; path = CorvallisBusService.swift; sourceTree = "<group>"; };
		5C76169C1A0AC223008E4A57 /* FavoriteStopTableViewCell.swift */ = {isa = PBXFileReference; fileEncoding = 4; lastKnownFileType = sourcecode.swift; path = FavoriteStopTableViewCell.swift; sourceTree = "<group>"; };
		5C76169D1A0AC223008E4A57 /* Utils.swift */ = {isa = PBXFileReference; fileEncoding = 4; lastKnownFileType = sourcecode.swift; path = Utils.swift; sourceTree = "<group>"; };
		5C79C1B41A035662002F7E58 /* StopsMapViewController.swift */ = {isa = PBXFileReference; fileEncoding = 4; lastKnownFileType = sourcecode.swift; path = StopsMapViewController.swift; sourceTree = "<group>"; };
		5CEA85161A087E3800B7FBD9 /* TodayTableViewCell.xib */ = {isa = PBXFileReference; fileEncoding = 4; lastKnownFileType = file.xib; path = TodayTableViewCell.xib; sourceTree = "<group>"; };
		5CEA85181A087F3A00B7FBD9 /* FavoritesTableViewCell.xib */ = {isa = PBXFileReference; fileEncoding = 4; lastKnownFileType = file.xib; path = FavoritesTableViewCell.xib; sourceTree = "<group>"; };
		5CF192A819EF513100CB21EC /* CorvallisBusTodayExtension.appex */ = {isa = PBXFileReference; explicitFileType = "wrapper.app-extension"; includeInIndex = 0; path = CorvallisBusTodayExtension.appex; sourceTree = BUILT_PRODUCTS_DIR; };
		5CF192AA19EF513100CB21EC /* NotificationCenter.framework */ = {isa = PBXFileReference; lastKnownFileType = wrapper.framework; name = NotificationCenter.framework; path = System/Library/Frameworks/NotificationCenter.framework; sourceTree = SDKROOT; };
		5CF192AE19EF513100CB21EC /* Info.plist */ = {isa = PBXFileReference; lastKnownFileType = text.plist.xml; path = Info.plist; sourceTree = "<group>"; };
		5CF192AF19EF513100CB21EC /* TodayViewController.swift */ = {isa = PBXFileReference; lastKnownFileType = sourcecode.swift; path = TodayViewController.swift; sourceTree = "<group>"; };
		5CF192B119EF513100CB21EC /* MainInterface.storyboard */ = {isa = PBXFileReference; lastKnownFileType = file.storyboard; path = MainInterface.storyboard; sourceTree = "<group>"; };
		5CF192BC19EF513900CB21EC /* CorvallisBusTodayExtension.entitlements */ = {isa = PBXFileReference; lastKnownFileType = text.xml; path = CorvallisBusTodayExtension.entitlements; sourceTree = "<group>"; };
		A9EB7AC1DBCD6EDC46072410 /* Pods-CorvallisBus.release.xcconfig */ = {isa = PBXFileReference; includeInIndex = 1; lastKnownFileType = text.xcconfig; name = "Pods-CorvallisBus.release.xcconfig"; path = "Pods/Target Support Files/Pods-CorvallisBus/Pods-CorvallisBus.release.xcconfig"; sourceTree = "<group>"; };
		CAC37E24908BAA52ABCFB451 /* Pods-CorvallisBus.debug.xcconfig */ = {isa = PBXFileReference; includeInIndex = 1; lastKnownFileType = text.xcconfig; name = "Pods-CorvallisBus.debug.xcconfig"; path = "Pods/Target Support Files/Pods-CorvallisBus/Pods-CorvallisBus.debug.xcconfig"; sourceTree = "<group>"; };
/* End PBXFileReference section */

/* Begin PBXFrameworksBuildPhase section */
		5C4937C919CFCB82009A2FB2 /* Frameworks */ = {
			isa = PBXFrameworksBuildPhase;
			buildActionMask = 2147483647;
			files = (
				5C07B48E1A0704D200F5928E /* SystemConfiguration.framework in Frameworks */,
				5C07B48C1A0704CC00F5928E /* StoreKit.framework in Frameworks */,
				5C07B48A1A0704C600F5928E /* Security.framework in Frameworks */,
				5C07B4881A0704BE00F5928E /* QuartzCore.framework in Frameworks */,
				5C07B4861A0704B600F5928E /* MobileCoreServices.framework in Frameworks */,
				5C07B4841A0704A800F5928E /* libz.dylib in Frameworks */,
				5C07B4821A07049800F5928E /* CoreLocation.framework in Frameworks */,
				5C07B4811A07049400F5928E /* CoreGraphics.framework in Frameworks */,
				5C07B47F1A07048D00F5928E /* CFNetwork.framework in Frameworks */,
				5C07B47D1A07048400F5928E /* AudioToolbox.framework in Frameworks */,
				5C07B47B1A07045800F5928E /* Parse.framework in Frameworks */,
				5C07B47A1A07045800F5928E /* Bolts.framework in Frameworks */,
				2937D6037F1A68D9C6268221 /* libPods-CorvallisBus.a in Frameworks */,
			);
			runOnlyForDeploymentPostprocessing = 0;
		};
		5C4937E019CFCB82009A2FB2 /* Frameworks */ = {
			isa = PBXFrameworksBuildPhase;
			buildActionMask = 2147483647;
			files = (
			);
			runOnlyForDeploymentPostprocessing = 0;
		};
		5C7612651A09C75E001F9DBE /* Frameworks */ = {
			isa = PBXFrameworksBuildPhase;
			buildActionMask = 2147483647;
			files = (
			);
			runOnlyForDeploymentPostprocessing = 0;
		};
		5C76126F1A09C75E001F9DBE /* Frameworks */ = {
			isa = PBXFrameworksBuildPhase;
			buildActionMask = 2147483647;
			files = (
				5C7612731A09C75E001F9DBE /* libCorvallisBusLibrary.a in Frameworks */,
			);
			runOnlyForDeploymentPostprocessing = 0;
		};
		5CF192A519EF513100CB21EC /* Frameworks */ = {
			isa = PBXFrameworksBuildPhase;
			buildActionMask = 2147483647;
			files = (
				5C36E08119F7293700024186 /* CoreLocation.framework in Frameworks */,
				5CF192AB19EF513100CB21EC /* NotificationCenter.framework in Frameworks */,
			);
			runOnlyForDeploymentPostprocessing = 0;
		};
/* End PBXFrameworksBuildPhase section */

/* Begin PBXGroup section */
		0474E4AE15962CBAD830843E /* Pods */ = {
			isa = PBXGroup;
			children = (
				CAC37E24908BAA52ABCFB451 /* Pods-CorvallisBus.debug.xcconfig */,
				A9EB7AC1DBCD6EDC46072410 /* Pods-CorvallisBus.release.xcconfig */,
			);
			name = Pods;
			sourceTree = "<group>";
		};
		5C1E467419D8E69400B95798 /* View Controllers */ = {
			isa = PBXGroup;
			children = (
				5C284F341A00A01400871B97 /* ServiceAlertsViewController.swift */,
				5C22684019F1DF1300B8A694 /* FavoritesTableViewController.swift */,
				5C79C1B41A035662002F7E58 /* StopsMapViewController.swift */,
			);
			name = "View Controllers";
			sourceTree = "<group>";
		};
		5C4937C319CFCB82009A2FB2 = {
			isa = PBXGroup;
			children = (
				5C07B4781A07045800F5928E /* Bolts.framework */,
				5C07B4791A07045800F5928E /* Parse.framework */,
				5C4937CE19CFCB82009A2FB2 /* CorvallisBus */,
				5C4937E619CFCB82009A2FB2 /* CorvallisBusTests */,
				5CF192AC19EF513100CB21EC /* CorvallisBusTodayExtension */,
				5C7612691A09C75E001F9DBE /* CorvallisBusLibrary */,
				5C7612761A09C75E001F9DBE /* CorvallisBusLibraryTests */,
				5CF192A919EF513100CB21EC /* Frameworks */,
				5C4937CD19CFCB82009A2FB2 /* Products */,
				0474E4AE15962CBAD830843E /* Pods */,
			);
			sourceTree = "<group>";
		};
		5C4937CD19CFCB82009A2FB2 /* Products */ = {
			isa = PBXGroup;
			children = (
				5C4937CC19CFCB82009A2FB2 /* CorvallisBus.app */,
				5C4937E319CFCB82009A2FB2 /* CorvallisBusTests.xctest */,
				5CF192A819EF513100CB21EC /* CorvallisBusTodayExtension.appex */,
				5C7612681A09C75E001F9DBE /* libCorvallisBusLibrary.a */,
				5C7612721A09C75E001F9DBE /* CorvallisBusLibraryTests.xctest */,
			);
			name = Products;
			sourceTree = "<group>";
		};
		5C4937CE19CFCB82009A2FB2 /* CorvallisBus */ = {
			isa = PBXGroup;
			children = (
				5CEA85181A087F3A00B7FBD9 /* FavoritesTableViewCell.xib */,
				5C02311119E9C69900135B42 /* CorvallisBus.entitlements */,
				5C4937D119CFCB82009A2FB2 /* AppDelegate.swift */,
				5C4937D719CFCB82009A2FB2 /* Main.storyboard */,
				5C4937DA19CFCB82009A2FB2 /* Images.xcassets */,
				5C4937DC19CFCB82009A2FB2 /* LaunchScreen.xib */,
				5C4937CF19CFCB82009A2FB2 /* Supporting Files */,
				5C1E467419D8E69400B95798 /* View Controllers */,
				5C3992E41A04534000AF52E4 /* BusStopAnnotation.swift */,
				5C7612611A096E0D001F9DBE /* BridgingHeader.h */,
				5C7612621A0973F4001F9DBE /* ServiceAlertTableViewCell.swift */,
			);
			path = CorvallisBus;
			sourceTree = "<group>";
		};
		5C4937CF19CFCB82009A2FB2 /* Supporting Files */ = {
			isa = PBXGroup;
			children = (
				5C4937D019CFCB82009A2FB2 /* Info.plist */,
			);
			name = "Supporting Files";
			sourceTree = "<group>";
		};
		5C4937E619CFCB82009A2FB2 /* CorvallisBusTests */ = {
			isa = PBXGroup;
			children = (
				5C4937E919CFCB82009A2FB2 /* CorvallisBusTests.swift */,
				5C4937E719CFCB82009A2FB2 /* Supporting Files */,
			);
			path = CorvallisBusTests;
			sourceTree = "<group>";
		};
		5C4937E719CFCB82009A2FB2 /* Supporting Files */ = {
			isa = PBXGroup;
			children = (
				5C4937E819CFCB82009A2FB2 /* Info.plist */,
			);
			name = "Supporting Files";
			sourceTree = "<group>";
		};
		5C7612691A09C75E001F9DBE /* CorvallisBusLibrary */ = {
			isa = PBXGroup;
			children = (
				5C7616961A0AC223008E4A57 /* BusArrival.swift */,
				5C7616971A0AC223008E4A57 /* BusRoute.swift */,
				5C7616981A0AC223008E4A57 /* BusStop.swift */,
				5C7616991A0AC223008E4A57 /* Corvallis, OR.gpx */,
				5C76169A1A0AC223008E4A57 /* CorvallisBusLocationManagerDelegate.swift */,
				5C76169B1A0AC223008E4A57 /* CorvallisBusService.swift */,
				5C76169C1A0AC223008E4A57 /* FavoriteStopTableViewCell.swift */,
				5C76169D1A0AC223008E4A57 /* Utils.swift */,
			);
			path = CorvallisBusLibrary;
			sourceTree = "<group>";
		};
		5C7612761A09C75E001F9DBE /* CorvallisBusLibraryTests */ = {
			isa = PBXGroup;
			children = (
				5C7612771A09C75E001F9DBE /* Supporting Files */,
			);
			path = CorvallisBusLibraryTests;
			sourceTree = "<group>";
		};
		5C7612771A09C75E001F9DBE /* Supporting Files */ = {
			isa = PBXGroup;
			children = (
				5C7612781A09C75E001F9DBE /* Info.plist */,
			);
			name = "Supporting Files";
			sourceTree = "<group>";
		};
		5CF192A919EF513100CB21EC /* Frameworks */ = {
			isa = PBXGroup;
			children = (
				5C07B48D1A0704D200F5928E /* SystemConfiguration.framework */,
				5C07B48B1A0704CC00F5928E /* StoreKit.framework */,
				5C07B4891A0704C600F5928E /* Security.framework */,
				5C07B4871A0704BE00F5928E /* QuartzCore.framework */,
				5C07B4851A0704B600F5928E /* MobileCoreServices.framework */,
				5C07B4831A0704A800F5928E /* libz.dylib */,
				5C07B4801A07049400F5928E /* CoreGraphics.framework */,
				5C07B47E1A07048C00F5928E /* CFNetwork.framework */,
				5C07B47C1A07048400F5928E /* AudioToolbox.framework */,
				5C36E08019F7293700024186 /* CoreLocation.framework */,
				5CF192AA19EF513100CB21EC /* NotificationCenter.framework */,
				54F1926E13E2CA796C2D375B /* libPods-CorvallisBus.a */,
			);
			name = Frameworks;
			sourceTree = "<group>";
		};
		5CF192AC19EF513100CB21EC /* CorvallisBusTodayExtension */ = {
			isa = PBXGroup;
			children = (
				5CEA85161A087E3800B7FBD9 /* TodayTableViewCell.xib */,
				5CF192BC19EF513900CB21EC /* CorvallisBusTodayExtension.entitlements */,
				5CF192AF19EF513100CB21EC /* TodayViewController.swift */,
				5CF192B119EF513100CB21EC /* MainInterface.storyboard */,
				5CF192AD19EF513100CB21EC /* Supporting Files */,
			);
			path = CorvallisBusTodayExtension;
			sourceTree = "<group>";
		};
		5CF192AD19EF513100CB21EC /* Supporting Files */ = {
			isa = PBXGroup;
			children = (
				5CF192AE19EF513100CB21EC /* Info.plist */,
			);
			name = "Supporting Files";
			sourceTree = "<group>";
		};
/* End PBXGroup section */

/* Begin PBXNativeTarget section */
		5C4937CB19CFCB82009A2FB2 /* CorvallisBus */ = {
			isa = PBXNativeTarget;
			buildConfigurationList = 5C4937ED19CFCB82009A2FB2 /* Build configuration list for PBXNativeTarget "CorvallisBus" */;
			buildPhases = (
				AE9544E59912DCD35B9EA15B /* Check Pods Manifest.lock */,
				5C4937C819CFCB82009A2FB2 /* Sources */,
				5C4937C919CFCB82009A2FB2 /* Frameworks */,
				5C4937CA19CFCB82009A2FB2 /* Resources */,
				5CF192BB19EF513100CB21EC /* Embed App Extensions */,
				5CF1930B19EF52B600CB21EC /* Embed Frameworks */,
				CC754EC938194856FD38A7F0 /* Copy Pods Resources */,
			);
			buildRules = (
			);
			dependencies = (
				5CF192B419EF513100CB21EC /* PBXTargetDependency */,
				5CF192B719EF513100CB21EC /* PBXTargetDependency */,
			);
			name = CorvallisBus;
			productName = CorvallisBus;
			productReference = 5C4937CC19CFCB82009A2FB2 /* CorvallisBus.app */;
			productType = "com.apple.product-type.application";
		};
		5C4937E219CFCB82009A2FB2 /* CorvallisBusTests */ = {
			isa = PBXNativeTarget;
			buildConfigurationList = 5C4937F019CFCB82009A2FB2 /* Build configuration list for PBXNativeTarget "CorvallisBusTests" */;
			buildPhases = (
				5C4937DF19CFCB82009A2FB2 /* Sources */,
				5C4937E019CFCB82009A2FB2 /* Frameworks */,
				5C4937E119CFCB82009A2FB2 /* Resources */,
			);
			buildRules = (
			);
			dependencies = (
				5C4937E519CFCB82009A2FB2 /* PBXTargetDependency */,
			);
			name = CorvallisBusTests;
			productName = CorvallisBusTests;
			productReference = 5C4937E319CFCB82009A2FB2 /* CorvallisBusTests.xctest */;
			productType = "com.apple.product-type.bundle.unit-test";
		};
		5C7612671A09C75E001F9DBE /* CorvallisBusLibrary */ = {
			isa = PBXNativeTarget;
			buildConfigurationList = 5C7612791A09C75E001F9DBE /* Build configuration list for PBXNativeTarget "CorvallisBusLibrary" */;
			buildPhases = (
				5C7612641A09C75E001F9DBE /* Sources */,
				5C7612651A09C75E001F9DBE /* Frameworks */,
				5C7612661A09C75E001F9DBE /* CopyFiles */,
			);
			buildRules = (
			);
			dependencies = (
			);
			name = CorvallisBusLibrary;
			productName = CorvallisBusLibrary;
			productReference = 5C7612681A09C75E001F9DBE /* libCorvallisBusLibrary.a */;
			productType = "com.apple.product-type.library.static";
		};
		5C7612711A09C75E001F9DBE /* CorvallisBusLibraryTests */ = {
			isa = PBXNativeTarget;
			buildConfigurationList = 5C76127C1A09C75E001F9DBE /* Build configuration list for PBXNativeTarget "CorvallisBusLibraryTests" */;
			buildPhases = (
				5C76126E1A09C75E001F9DBE /* Sources */,
				5C76126F1A09C75E001F9DBE /* Frameworks */,
				5C7612701A09C75E001F9DBE /* Resources */,
			);
			buildRules = (
			);
			dependencies = (
				5C7612751A09C75E001F9DBE /* PBXTargetDependency */,
			);
			name = CorvallisBusLibraryTests;
			productName = CorvallisBusLibraryTests;
			productReference = 5C7612721A09C75E001F9DBE /* CorvallisBusLibraryTests.xctest */;
			productType = "com.apple.product-type.bundle.unit-test";
		};
		5CF192A719EF513100CB21EC /* CorvallisBusTodayExtension */ = {
			isa = PBXNativeTarget;
			buildConfigurationList = 5CF192B819EF513100CB21EC /* Build configuration list for PBXNativeTarget "CorvallisBusTodayExtension" */;
			buildPhases = (
				5CF192A419EF513100CB21EC /* Sources */,
				5CF192A519EF513100CB21EC /* Frameworks */,
				5CF192A619EF513100CB21EC /* Resources */,
			);
			buildRules = (
			);
			dependencies = (
			);
			name = CorvallisBusTodayExtension;
			productName = CorvallisBusTodayExtension;
			productReference = 5CF192A819EF513100CB21EC /* CorvallisBusTodayExtension.appex */;
			productType = "com.apple.product-type.app-extension";
		};
/* End PBXNativeTarget section */

/* Begin PBXProject section */
		5C4937C419CFCB82009A2FB2 /* Project object */ = {
			isa = PBXProject;
			attributes = {
				LastUpgradeCheck = 0600;
				ORGANIZATIONNAME = "Rikki Gibson";
				TargetAttributes = {
					5C4937CB19CFCB82009A2FB2 = {
						CreatedOnToolsVersion = 6.0.1;
						DevelopmentTeam = 6M3YNUD5R9;
						SystemCapabilities = {
							com.apple.ApplicationGroups.iOS = {
								enabled = 1;
							};
						};
					};
					5C4937E219CFCB82009A2FB2 = {
						CreatedOnToolsVersion = 6.0.1;
						DevelopmentTeam = 6M3YNUD5R9;
						TestTargetID = 5C4937CB19CFCB82009A2FB2;
					};
					5C7612671A09C75E001F9DBE = {
						CreatedOnToolsVersion = 6.1;
					};
					5C7612711A09C75E001F9DBE = {
						CreatedOnToolsVersion = 6.1;
					};
					5CF192A719EF513100CB21EC = {
						CreatedOnToolsVersion = 6.0.1;
						DevelopmentTeam = 6M3YNUD5R9;
						SystemCapabilities = {
							com.apple.ApplicationGroups.iOS = {
								enabled = 1;
							};
						};
					};
				};
			};
			buildConfigurationList = 5C4937C719CFCB82009A2FB2 /* Build configuration list for PBXProject "CorvallisBus" */;
			compatibilityVersion = "Xcode 3.2";
			developmentRegion = English;
			hasScannedForEncodings = 0;
			knownRegions = (
				en,
				Base,
			);
			mainGroup = 5C4937C319CFCB82009A2FB2;
			productRefGroup = 5C4937CD19CFCB82009A2FB2 /* Products */;
			projectDirPath = "";
			projectRoot = "";
			targets = (
				5C4937CB19CFCB82009A2FB2 /* CorvallisBus */,
				5C4937E219CFCB82009A2FB2 /* CorvallisBusTests */,
				5CF192A719EF513100CB21EC /* CorvallisBusTodayExtension */,
				5C7612671A09C75E001F9DBE /* CorvallisBusLibrary */,
				5C7612711A09C75E001F9DBE /* CorvallisBusLibraryTests */,
			);
		};
/* End PBXProject section */

/* Begin PBXResourcesBuildPhase section */
		5C4937CA19CFCB82009A2FB2 /* Resources */ = {
			isa = PBXResourcesBuildPhase;
			buildActionMask = 2147483647;
			files = (
				5C4937D919CFCB82009A2FB2 /* Main.storyboard in Resources */,
				5C4937DE19CFCB82009A2FB2 /* LaunchScreen.xib in Resources */,
				5C4937DB19CFCB82009A2FB2 /* Images.xcassets in Resources */,
				5CEA85191A087F3A00B7FBD9 /* FavoritesTableViewCell.xib in Resources */,
			);
			runOnlyForDeploymentPostprocessing = 0;
		};
		5C4937E119CFCB82009A2FB2 /* Resources */ = {
			isa = PBXResourcesBuildPhase;
			buildActionMask = 2147483647;
			files = (
			);
			runOnlyForDeploymentPostprocessing = 0;
		};
		5C7612701A09C75E001F9DBE /* Resources */ = {
			isa = PBXResourcesBuildPhase;
			buildActionMask = 2147483647;
			files = (
			);
			runOnlyForDeploymentPostprocessing = 0;
		};
		5CF192A619EF513100CB21EC /* Resources */ = {
			isa = PBXResourcesBuildPhase;
			buildActionMask = 2147483647;
			files = (
				5C3992F21A05B30B00AF52E4 /* Images.xcassets in Resources */,
				5CF192B219EF513100CB21EC /* MainInterface.storyboard in Resources */,
				5CEA85171A087E3800B7FBD9 /* TodayTableViewCell.xib in Resources */,
			);
			runOnlyForDeploymentPostprocessing = 0;
		};
/* End PBXResourcesBuildPhase section */

/* Begin PBXShellScriptBuildPhase section */
		AE9544E59912DCD35B9EA15B /* Check Pods Manifest.lock */ = {
			isa = PBXShellScriptBuildPhase;
			buildActionMask = 2147483647;
			files = (
			);
			inputPaths = (
			);
			name = "Check Pods Manifest.lock";
			outputPaths = (
			);
			runOnlyForDeploymentPostprocessing = 0;
			shellPath = /bin/sh;
			shellScript = "diff \"${PODS_ROOT}/../Podfile.lock\" \"${PODS_ROOT}/Manifest.lock\" > /dev/null\nif [[ $? != 0 ]] ; then\n    cat << EOM\nerror: The sandbox is not in sync with the Podfile.lock. Run 'pod install' or update your CocoaPods installation.\nEOM\n    exit 1\nfi\n";
			showEnvVarsInLog = 0;
		};
		CC754EC938194856FD38A7F0 /* Copy Pods Resources */ = {
			isa = PBXShellScriptBuildPhase;
			buildActionMask = 2147483647;
			files = (
			);
			inputPaths = (
			);
			name = "Copy Pods Resources";
			outputPaths = (
			);
			runOnlyForDeploymentPostprocessing = 0;
			shellPath = /bin/sh;
			shellScript = "\"${SRCROOT}/Pods/Target Support Files/Pods-CorvallisBus/Pods-CorvallisBus-resources.sh\"\n";
			showEnvVarsInLog = 0;
		};
/* End PBXShellScriptBuildPhase section */

/* Begin PBXSourcesBuildPhase section */
		5C4937C819CFCB82009A2FB2 /* Sources */ = {
			isa = PBXSourcesBuildPhase;
			buildActionMask = 2147483647;
			files = (
				5C22684119F1DF1300B8A694 /* FavoritesTableViewController.swift in Sources */,
				5C7616AD1A0AC243008E4A57 /* CorvallisBusService.swift in Sources */,
				5C7612631A0973F4001F9DBE /* ServiceAlertTableViewCell.swift in Sources */,
				5C7616A71A0AC239008E4A57 /* BusRoute.swift in Sources */,
				5C284F351A00A01400871B97 /* ServiceAlertsViewController.swift in Sources */,
				5C7616B11A0AC249008E4A57 /* Utils.swift in Sources */,
				5C79C1B51A035662002F7E58 /* StopsMapViewController.swift in Sources */,
				5C3992E51A04534000AF52E4 /* BusStopAnnotation.swift in Sources */,
				5C7616AF1A0AC246008E4A57 /* FavoriteStopTableViewCell.swift in Sources */,
				5C7616AB1A0AC240008E4A57 /* CorvallisBusLocationManagerDelegate.swift in Sources */,
				5C7616A91A0AC23D008E4A57 /* BusStop.swift in Sources */,
				5C4937D219CFCB82009A2FB2 /* AppDelegate.swift in Sources */,
				5C7616A51A0AC236008E4A57 /* BusArrival.swift in Sources */,
			);
			runOnlyForDeploymentPostprocessing = 0;
		};
		5C4937DF19CFCB82009A2FB2 /* Sources */ = {
			isa = PBXSourcesBuildPhase;
			buildActionMask = 2147483647;
			files = (
				5C7616B31A0AC263008E4A57 /* BusArrival.swift in Sources */,
				5C4937EA19CFCB82009A2FB2 /* CorvallisBusTests.swift in Sources */,
				5C7616B41A0AC26C008E4A57 /* Utils.swift in Sources */,
			);
			runOnlyForDeploymentPostprocessing = 0;
		};
		5C7612641A09C75E001F9DBE /* Sources */ = {
			isa = PBXSourcesBuildPhase;
			buildActionMask = 2147483647;
			files = (
				5C7616A21A0AC223008E4A57 /* CorvallisBusService.swift in Sources */,
				5C76169F1A0AC223008E4A57 /* BusRoute.swift in Sources */,
				5C7616A41A0AC223008E4A57 /* Utils.swift in Sources */,
				5C7616A31A0AC223008E4A57 /* FavoriteStopTableViewCell.swift in Sources */,
				5C7616A11A0AC223008E4A57 /* CorvallisBusLocationManagerDelegate.swift in Sources */,
				5C7616A01A0AC223008E4A57 /* BusStop.swift in Sources */,
				5C76169E1A0AC223008E4A57 /* BusArrival.swift in Sources */,
			);
			runOnlyForDeploymentPostprocessing = 0;
		};
		5C76126E1A09C75E001F9DBE /* Sources */ = {
			isa = PBXSourcesBuildPhase;
			buildActionMask = 2147483647;
			files = (
			);
			runOnlyForDeploymentPostprocessing = 0;
		};
		5CF192A419EF513100CB21EC /* Sources */ = {
			isa = PBXSourcesBuildPhase;
			buildActionMask = 2147483647;
			files = (
				5C7616B01A0AC246008E4A57 /* FavoriteStopTableViewCell.swift in Sources */,
				5C7616AA1A0AC23E008E4A57 /* BusStop.swift in Sources */,
				5C7616AC1A0AC240008E4A57 /* CorvallisBusLocationManagerDelegate.swift in Sources */,
				5C7616AE1A0AC244008E4A57 /* CorvallisBusService.swift in Sources */,
				5C7616A81A0AC23A008E4A57 /* BusRoute.swift in Sources */,
				5C7616A61A0AC237008E4A57 /* BusArrival.swift in Sources */,
				5CF192B019EF513100CB21EC /* TodayViewController.swift in Sources */,
				5C7616B21A0AC249008E4A57 /* Utils.swift in Sources */,
			);
			runOnlyForDeploymentPostprocessing = 0;
		};
/* End PBXSourcesBuildPhase section */

/* Begin PBXTargetDependency section */
		5C4937E519CFCB82009A2FB2 /* PBXTargetDependency */ = {
			isa = PBXTargetDependency;
			target = 5C4937CB19CFCB82009A2FB2 /* CorvallisBus */;
			targetProxy = 5C4937E419CFCB82009A2FB2 /* PBXContainerItemProxy */;
		};
		5C7612751A09C75E001F9DBE /* PBXTargetDependency */ = {
			isa = PBXTargetDependency;
			target = 5C7612671A09C75E001F9DBE /* CorvallisBusLibrary */;
			targetProxy = 5C7612741A09C75E001F9DBE /* PBXContainerItemProxy */;
		};
		5CF192B419EF513100CB21EC /* PBXTargetDependency */ = {
			isa = PBXTargetDependency;
			target = 5CF192A719EF513100CB21EC /* CorvallisBusTodayExtension */;
			targetProxy = 5CF192B319EF513100CB21EC /* PBXContainerItemProxy */;
		};
		5CF192B719EF513100CB21EC /* PBXTargetDependency */ = {
			isa = PBXTargetDependency;
			target = 5CF192A719EF513100CB21EC /* CorvallisBusTodayExtension */;
			targetProxy = 5CF192B619EF513100CB21EC /* PBXContainerItemProxy */;
		};
/* End PBXTargetDependency section */

/* Begin PBXVariantGroup section */
		5C4937D719CFCB82009A2FB2 /* Main.storyboard */ = {
			isa = PBXVariantGroup;
			children = (
				5C4937D819CFCB82009A2FB2 /* Base */,
			);
			name = Main.storyboard;
			sourceTree = "<group>";
		};
		5C4937DC19CFCB82009A2FB2 /* LaunchScreen.xib */ = {
			isa = PBXVariantGroup;
			children = (
				5C4937DD19CFCB82009A2FB2 /* Base */,
			);
			name = LaunchScreen.xib;
			sourceTree = "<group>";
		};
/* End PBXVariantGroup section */

/* Begin XCBuildConfiguration section */
		5C4937EB19CFCB82009A2FB2 /* Debug */ = {
			isa = XCBuildConfiguration;
			buildSettings = {
				ALWAYS_SEARCH_USER_PATHS = NO;
				CLANG_CXX_LANGUAGE_STANDARD = "gnu++0x";
				CLANG_CXX_LIBRARY = "libc++";
				CLANG_ENABLE_MODULES = YES;
				CLANG_ENABLE_OBJC_ARC = YES;
				CLANG_WARN_BOOL_CONVERSION = YES;
				CLANG_WARN_CONSTANT_CONVERSION = YES;
				CLANG_WARN_DIRECT_OBJC_ISA_USAGE = YES_ERROR;
				CLANG_WARN_EMPTY_BODY = YES;
				CLANG_WARN_ENUM_CONVERSION = YES;
				CLANG_WARN_INT_CONVERSION = YES;
				CLANG_WARN_OBJC_ROOT_CLASS = YES_ERROR;
				CLANG_WARN_UNREACHABLE_CODE = YES;
				CLANG_WARN__DUPLICATE_METHOD_MATCH = YES;
				"CODE_SIGN_IDENTITY[sdk=iphoneos*]" = "iPhone Developer";
				COPY_PHASE_STRIP = NO;
				ENABLE_STRICT_OBJC_MSGSEND = YES;
				GCC_C_LANGUAGE_STANDARD = gnu99;
				GCC_DYNAMIC_NO_PIC = NO;
				GCC_OPTIMIZATION_LEVEL = 0;
				GCC_PREPROCESSOR_DEFINITIONS = (
					"DEBUG=1",
					"$(inherited)",
				);
				GCC_SYMBOLS_PRIVATE_EXTERN = NO;
				GCC_WARN_64_TO_32_BIT_CONVERSION = YES;
				GCC_WARN_ABOUT_RETURN_TYPE = YES_ERROR;
				GCC_WARN_UNDECLARED_SELECTOR = YES;
				GCC_WARN_UNINITIALIZED_AUTOS = YES_AGGRESSIVE;
				GCC_WARN_UNUSED_FUNCTION = YES;
				GCC_WARN_UNUSED_VARIABLE = YES;
				IPHONEOS_DEPLOYMENT_TARGET = 8.0;
				MTL_ENABLE_DEBUG_INFO = YES;
				ONLY_ACTIVE_ARCH = YES;
				SDKROOT = iphoneos;
				SWIFT_OPTIMIZATION_LEVEL = "-Onone";
			};
			name = Debug;
		};
		5C4937EC19CFCB82009A2FB2 /* Release */ = {
			isa = XCBuildConfiguration;
			buildSettings = {
				ALWAYS_SEARCH_USER_PATHS = NO;
				CLANG_CXX_LANGUAGE_STANDARD = "gnu++0x";
				CLANG_CXX_LIBRARY = "libc++";
				CLANG_ENABLE_MODULES = YES;
				CLANG_ENABLE_OBJC_ARC = YES;
				CLANG_WARN_BOOL_CONVERSION = YES;
				CLANG_WARN_CONSTANT_CONVERSION = YES;
				CLANG_WARN_DIRECT_OBJC_ISA_USAGE = YES_ERROR;
				CLANG_WARN_EMPTY_BODY = YES;
				CLANG_WARN_ENUM_CONVERSION = YES;
				CLANG_WARN_INT_CONVERSION = YES;
				CLANG_WARN_OBJC_ROOT_CLASS = YES_ERROR;
				CLANG_WARN_UNREACHABLE_CODE = YES;
				CLANG_WARN__DUPLICATE_METHOD_MATCH = YES;
				"CODE_SIGN_IDENTITY[sdk=iphoneos*]" = "iPhone Developer";
				COPY_PHASE_STRIP = YES;
				ENABLE_NS_ASSERTIONS = NO;
				ENABLE_STRICT_OBJC_MSGSEND = YES;
				GCC_C_LANGUAGE_STANDARD = gnu99;
				GCC_WARN_64_TO_32_BIT_CONVERSION = YES;
				GCC_WARN_ABOUT_RETURN_TYPE = YES_ERROR;
				GCC_WARN_UNDECLARED_SELECTOR = YES;
				GCC_WARN_UNINITIALIZED_AUTOS = YES_AGGRESSIVE;
				GCC_WARN_UNUSED_FUNCTION = YES;
				GCC_WARN_UNUSED_VARIABLE = YES;
				IPHONEOS_DEPLOYMENT_TARGET = 8.0;
				MTL_ENABLE_DEBUG_INFO = NO;
				SDKROOT = iphoneos;
				VALIDATE_PRODUCT = YES;
			};
			name = Release;
		};
		5C4937EE19CFCB82009A2FB2 /* Debug */ = {
			isa = XCBuildConfiguration;
			baseConfigurationReference = CAC37E24908BAA52ABCFB451 /* Pods-CorvallisBus.debug.xcconfig */;
			buildSettings = {
				ASSETCATALOG_COMPILER_APPICON_NAME = AppIcon;
				ASSETCATALOG_COMPILER_LAUNCHIMAGE_NAME = LaunchImage;
				CLANG_ENABLE_MODULES = YES;
				CODE_SIGN_ENTITLEMENTS = CorvallisBus/CorvallisBus.entitlements;
				CODE_SIGN_IDENTITY = "iPhone Developer";
				"CODE_SIGN_IDENTITY[sdk=iphoneos*]" = "iPhone Developer";
				FRAMEWORK_SEARCH_PATHS = (
					"$(inherited)",
					"$(PROJECT_DIR)",
				);
				INFOPLIST_FILE = CorvallisBus/Info.plist;
				IPHONEOS_DEPLOYMENT_TARGET = 7.1;
				LD_RUNPATH_SEARCH_PATHS = "$(inherited) @executable_path/Frameworks";
				PRODUCT_NAME = "$(TARGET_NAME)";
				PROVISIONING_PROFILE = "";
				SWIFT_OBJC_BRIDGING_HEADER = CorvallisBus/BridgingHeader.h;
				SWIFT_OPTIMIZATION_LEVEL = "-O";
			};
			name = Debug;
		};
		5C4937EF19CFCB82009A2FB2 /* Release */ = {
			isa = XCBuildConfiguration;
			baseConfigurationReference = A9EB7AC1DBCD6EDC46072410 /* Pods-CorvallisBus.release.xcconfig */;
			buildSettings = {
				ASSETCATALOG_COMPILER_APPICON_NAME = AppIcon;
				ASSETCATALOG_COMPILER_LAUNCHIMAGE_NAME = LaunchImage;
				CLANG_ENABLE_MODULES = YES;
				CODE_SIGN_ENTITLEMENTS = CorvallisBus/CorvallisBus.entitlements;
				CODE_SIGN_IDENTITY = "iPhone Developer";
				"CODE_SIGN_IDENTITY[sdk=iphoneos*]" = "iPhone Developer";
				FRAMEWORK_SEARCH_PATHS = (
					"$(inherited)",
					"$(PROJECT_DIR)",
				);
				INFOPLIST_FILE = CorvallisBus/Info.plist;
				IPHONEOS_DEPLOYMENT_TARGET = 7.1;
				LD_RUNPATH_SEARCH_PATHS = "$(inherited) @executable_path/Frameworks";
				PRODUCT_NAME = "$(TARGET_NAME)";
				PROVISIONING_PROFILE = "";
				SWIFT_OBJC_BRIDGING_HEADER = CorvallisBus/BridgingHeader.h;
			};
			name = Release;
		};
		5C4937F119CFCB82009A2FB2 /* Debug */ = {
			isa = XCBuildConfiguration;
			buildSettings = {
				BUNDLE_LOADER = "$(TEST_HOST)";
				CODE_SIGN_IDENTITY = "iPhone Developer";
				"CODE_SIGN_IDENTITY[sdk=iphoneos*]" = "iPhone Developer";
				FRAMEWORK_SEARCH_PATHS = (
					"$(SDKROOT)/Developer/Library/Frameworks",
					"$(inherited)",
				);
				GCC_PREPROCESSOR_DEFINITIONS = (
					"DEBUG=1",
					"$(inherited)",
				);
				INFOPLIST_FILE = CorvallisBusTests/Info.plist;
				LD_RUNPATH_SEARCH_PATHS = "$(inherited) @executable_path/Frameworks @loader_path/Frameworks";
				PRODUCT_NAME = "$(TARGET_NAME)";
				PROVISIONING_PROFILE = "";
				TEST_HOST = "$(BUILT_PRODUCTS_DIR)/CorvallisBus.app/CorvallisBus";
			};
			name = Debug;
		};
		5C4937F219CFCB82009A2FB2 /* Release */ = {
			isa = XCBuildConfiguration;
			buildSettings = {
				BUNDLE_LOADER = "$(TEST_HOST)";
				CODE_SIGN_IDENTITY = "iPhone Developer";
				"CODE_SIGN_IDENTITY[sdk=iphoneos*]" = "iPhone Developer";
				FRAMEWORK_SEARCH_PATHS = (
					"$(SDKROOT)/Developer/Library/Frameworks",
					"$(inherited)",
				);
				INFOPLIST_FILE = CorvallisBusTests/Info.plist;
				LD_RUNPATH_SEARCH_PATHS = "$(inherited) @executable_path/Frameworks @loader_path/Frameworks";
				PRODUCT_NAME = "$(TARGET_NAME)";
				PROVISIONING_PROFILE = "";
				TEST_HOST = "$(BUILT_PRODUCTS_DIR)/CorvallisBus.app/CorvallisBus";
			};
			name = Release;
		};
		5C76127A1A09C75E001F9DBE /* Debug */ = {
			isa = XCBuildConfiguration;
			buildSettings = {
				GCC_PREPROCESSOR_DEFINITIONS = (
					"DEBUG=1",
					"$(inherited)",
				);
				IPHONEOS_DEPLOYMENT_TARGET = 7.1;
				OTHER_LDFLAGS = "-ObjC";
				PRODUCT_NAME = "$(TARGET_NAME)";
				SKIP_INSTALL = YES;
			};
			name = Debug;
		};
		5C76127B1A09C75E001F9DBE /* Release */ = {
			isa = XCBuildConfiguration;
			buildSettings = {
				IPHONEOS_DEPLOYMENT_TARGET = 7.1;
				OTHER_LDFLAGS = "-ObjC";
				PRODUCT_NAME = "$(TARGET_NAME)";
				SKIP_INSTALL = YES;
			};
			name = Release;
		};
		5C76127D1A09C75E001F9DBE /* Debug */ = {
			isa = XCBuildConfiguration;
			buildSettings = {
				FRAMEWORK_SEARCH_PATHS = (
					"$(SDKROOT)/Developer/Library/Frameworks",
					"$(inherited)",
				);
				GCC_PREPROCESSOR_DEFINITIONS = (
					"DEBUG=1",
					"$(inherited)",
				);
				INFOPLIST_FILE = CorvallisBusLibraryTests/Info.plist;
				IPHONEOS_DEPLOYMENT_TARGET = 8.1;
				LD_RUNPATH_SEARCH_PATHS = "$(inherited) @executable_path/Frameworks @loader_path/Frameworks";
				PRODUCT_NAME = "$(TARGET_NAME)";
			};
			name = Debug;
		};
		5C76127E1A09C75E001F9DBE /* Release */ = {
			isa = XCBuildConfiguration;
			buildSettings = {
				FRAMEWORK_SEARCH_PATHS = (
					"$(SDKROOT)/Developer/Library/Frameworks",
					"$(inherited)",
				);
				INFOPLIST_FILE = CorvallisBusLibraryTests/Info.plist;
				IPHONEOS_DEPLOYMENT_TARGET = 8.1;
				LD_RUNPATH_SEARCH_PATHS = "$(inherited) @executable_path/Frameworks @loader_path/Frameworks";
				PRODUCT_NAME = "$(TARGET_NAME)";
			};
			name = Release;
		};
		5CF192B919EF513100CB21EC /* Debug */ = {
			isa = XCBuildConfiguration;
			buildSettings = {
				CODE_SIGN_ENTITLEMENTS = CorvallisBusTodayExtension/CorvallisBusTodayExtension.entitlements;
				CODE_SIGN_IDENTITY = "iPhone Developer";
				"CODE_SIGN_IDENTITY[sdk=iphoneos*]" = "iPhone Developer";
				GCC_PREPROCESSOR_DEFINITIONS = (
					"DEBUG=1",
					"$(inherited)",
				);
				INFOPLIST_FILE = CorvallisBusTodayExtension/Info.plist;
				IPHONEOS_DEPLOYMENT_TARGET = 8.1;
				LD_RUNPATH_SEARCH_PATHS = "$(inherited) @executable_path/Frameworks @executable_path/../../Frameworks";
				PRODUCT_NAME = "$(TARGET_NAME)";
				PROVISIONING_PROFILE = "";
				SKIP_INSTALL = YES;
			};
			name = Debug;
		};
		5CF192BA19EF513100CB21EC /* Release */ = {
			isa = XCBuildConfiguration;
			buildSettings = {
				CODE_SIGN_ENTITLEMENTS = CorvallisBusTodayExtension/CorvallisBusTodayExtension.entitlements;
				CODE_SIGN_IDENTITY = "iPhone Developer";
				"CODE_SIGN_IDENTITY[sdk=iphoneos*]" = "iPhone Developer";
				INFOPLIST_FILE = CorvallisBusTodayExtension/Info.plist;
				IPHONEOS_DEPLOYMENT_TARGET = 8.1;
				LD_RUNPATH_SEARCH_PATHS = "$(inherited) @executable_path/Frameworks @executable_path/../../Frameworks";
				PRODUCT_NAME = "$(TARGET_NAME)";
				PROVISIONING_PROFILE = "";
				SKIP_INSTALL = YES;
			};
			name = Release;
		};
/* End XCBuildConfiguration section */

/* Begin XCConfigurationList section */
		5C4937C719CFCB82009A2FB2 /* Build configuration list for PBXProject "CorvallisBus" */ = {
			isa = XCConfigurationList;
			buildConfigurations = (
				5C4937EB19CFCB82009A2FB2 /* Debug */,
				5C4937EC19CFCB82009A2FB2 /* Release */,
			);
			defaultConfigurationIsVisible = 0;
			defaultConfigurationName = Release;
		};
		5C4937ED19CFCB82009A2FB2 /* Build configuration list for PBXNativeTarget "CorvallisBus" */ = {
			isa = XCConfigurationList;
			buildConfigurations = (
				5C4937EE19CFCB82009A2FB2 /* Debug */,
				5C4937EF19CFCB82009A2FB2 /* Release */,
			);
			defaultConfigurationIsVisible = 0;
			defaultConfigurationName = Release;
		};
		5C4937F019CFCB82009A2FB2 /* Build configuration list for PBXNativeTarget "CorvallisBusTests" */ = {
			isa = XCConfigurationList;
			buildConfigurations = (
				5C4937F119CFCB82009A2FB2 /* Debug */,
				5C4937F219CFCB82009A2FB2 /* Release */,
			);
			defaultConfigurationIsVisible = 0;
			defaultConfigurationName = Release;
		};
		5C7612791A09C75E001F9DBE /* Build configuration list for PBXNativeTarget "CorvallisBusLibrary" */ = {
			isa = XCConfigurationList;
			buildConfigurations = (
				5C76127A1A09C75E001F9DBE /* Debug */,
				5C76127B1A09C75E001F9DBE /* Release */,
			);
			defaultConfigurationIsVisible = 0;
			defaultConfigurationName = Release;
		};
		5C76127C1A09C75E001F9DBE /* Build configuration list for PBXNativeTarget "CorvallisBusLibraryTests" */ = {
			isa = XCConfigurationList;
			buildConfigurations = (
				5C76127D1A09C75E001F9DBE /* Debug */,
				5C76127E1A09C75E001F9DBE /* Release */,
			);
			defaultConfigurationIsVisible = 0;
			defaultConfigurationName = Release;
		};
		5CF192B819EF513100CB21EC /* Build configuration list for PBXNativeTarget "CorvallisBusTodayExtension" */ = {
			isa = XCConfigurationList;
			buildConfigurations = (
				5CF192B919EF513100CB21EC /* Debug */,
				5CF192BA19EF513100CB21EC /* Release */,
			);
			defaultConfigurationIsVisible = 0;
			defaultConfigurationName = Release;
		};
/* End XCConfigurationList section */
	};
	rootObject = 5C4937C419CFCB82009A2FB2 /* Project object */;
}
