// !$*UTF8*$!
{
	archiveVersion = 1;
	classes = {
	};
	objectVersion = 46;
	objects = {

/* Begin PBXBuildFile section */
		5C1E467119D8E5D600B95798 /* StopsTableViewController.swift in Sources */ = {isa = PBXBuildFile; fileRef = 5C1E467019D8E5D600B95798 /* StopsTableViewController.swift */; };
		5C22684119F1DF1300B8A694 /* FavoritesTableViewController.swift in Sources */ = {isa = PBXBuildFile; fileRef = 5C22684019F1DF1300B8A694 /* FavoritesTableViewController.swift */; };
		5C4937D219CFCB82009A2FB2 /* AppDelegate.swift in Sources */ = {isa = PBXBuildFile; fileRef = 5C4937D119CFCB82009A2FB2 /* AppDelegate.swift */; };
		5C4937D919CFCB82009A2FB2 /* Main.storyboard in Resources */ = {isa = PBXBuildFile; fileRef = 5C4937D719CFCB82009A2FB2 /* Main.storyboard */; };
		5C4937DB19CFCB82009A2FB2 /* Images.xcassets in Resources */ = {isa = PBXBuildFile; fileRef = 5C4937DA19CFCB82009A2FB2 /* Images.xcassets */; };
		5C4937DE19CFCB82009A2FB2 /* LaunchScreen.xib in Resources */ = {isa = PBXBuildFile; fileRef = 5C4937DC19CFCB82009A2FB2 /* LaunchScreen.xib */; };
		5C4937EA19CFCB82009A2FB2 /* CorvallisBusTests.swift in Sources */ = {isa = PBXBuildFile; fileRef = 5C4937E919CFCB82009A2FB2 /* CorvallisBusTests.swift */; };
		5C6565CF19F342E300585B5B /* Utils.swift in Sources */ = {isa = PBXBuildFile; fileRef = 5C6565CE19F342E300585B5B /* Utils.swift */; };
		5C6565D019F3442900585B5B /* Utils.swift in Sources */ = {isa = PBXBuildFile; fileRef = 5C6565CE19F342E300585B5B /* Utils.swift */; };
		5C6565D119F3447D00585B5B /* Utils.swift in Sources */ = {isa = PBXBuildFile; fileRef = 5C6565CE19F342E300585B5B /* Utils.swift */; };
		5C6565D219F3447E00585B5B /* Utils.swift in Sources */ = {isa = PBXBuildFile; fileRef = 5C6565CE19F342E300585B5B /* Utils.swift */; };
		5C6565D319F3447E00585B5B /* Utils.swift in Sources */ = {isa = PBXBuildFile; fileRef = 5C6565CE19F342E300585B5B /* Utils.swift */; };
		5C82118C19D3BBC500CD4462 /* RoutesTableViewController.swift in Sources */ = {isa = PBXBuildFile; fileRef = 5C82118B19D3BBC500CD4462 /* RoutesTableViewController.swift */; };
		5CB589FB19E22F9C00327783 /* ArrivalViewController.swift in Sources */ = {isa = PBXBuildFile; fileRef = 5CB589FA19E22F9C00327783 /* ArrivalViewController.swift */; };
		5CE5614E19D1097100A1A600 /* JSONDeserializationTests.swift in Sources */ = {isa = PBXBuildFile; fileRef = 5CE5614D19D1097100A1A600 /* JSONDeserializationTests.swift */; };
		5CF192AB19EF513100CB21EC /* NotificationCenter.framework in Frameworks */ = {isa = PBXBuildFile; fileRef = 5CF192AA19EF513100CB21EC /* NotificationCenter.framework */; };
		5CF192B019EF513100CB21EC /* TodayViewController.swift in Sources */ = {isa = PBXBuildFile; fileRef = 5CF192AF19EF513100CB21EC /* TodayViewController.swift */; };
		5CF192B219EF513100CB21EC /* MainInterface.storyboard in Resources */ = {isa = PBXBuildFile; fileRef = 5CF192B119EF513100CB21EC /* MainInterface.storyboard */; };
		5CF192B519EF513100CB21EC /* CorvallisBusTodayExtension.appex in Embed App Extensions */ = {isa = PBXBuildFile; fileRef = 5CF192A819EF513100CB21EC /* CorvallisBusTodayExtension.appex */; settings = {ATTRIBUTES = (RemoveHeadersOnCopy, ); }; };
		5CF192F519EF52B500CB21EC /* CorvallisBusFramework.h in Headers */ = {isa = PBXBuildFile; fileRef = 5CF192F419EF52B500CB21EC /* CorvallisBusFramework.h */; settings = {ATTRIBUTES = (Public, ); }; };
		5CF1930119EF52B500CB21EC /* CorvallisBusFrameworkTests.swift in Sources */ = {isa = PBXBuildFile; fileRef = 5CF1930019EF52B500CB21EC /* CorvallisBusFrameworkTests.swift */; };
		5CF1930419EF52B500CB21EC /* CorvallisBusFramework.framework in Frameworks */ = {isa = PBXBuildFile; fileRef = 5CF192F019EF52B500CB21EC /* CorvallisBusFramework.framework */; };
		5CF1930519EF52B500CB21EC /* CorvallisBusFramework.framework in Embed Frameworks */ = {isa = PBXBuildFile; fileRef = 5CF192F019EF52B500CB21EC /* CorvallisBusFramework.framework */; settings = {ATTRIBUTES = (CodeSignOnCopy, RemoveHeadersOnCopy, ); }; };
		5CF1931019EF52F400CB21EC /* CorvallisBusService.swift in Sources */ = {isa = PBXBuildFile; fileRef = 5CF1930F19EF52F400CB21EC /* CorvallisBusService.swift */; };
		5CF1931519EF569500CB21EC /* BusArrival.swift in Sources */ = {isa = PBXBuildFile; fileRef = 5CF1931219EF569500CB21EC /* BusArrival.swift */; };
		5CF1931619EF569500CB21EC /* BusRoute.swift in Sources */ = {isa = PBXBuildFile; fileRef = 5CF1931319EF569500CB21EC /* BusRoute.swift */; };
		5CF1931719EF569500CB21EC /* BusStop.swift in Sources */ = {isa = PBXBuildFile; fileRef = 5CF1931419EF569500CB21EC /* BusStop.swift */; };
		5CF1931919EF569C00CB21EC /* JSONHelper.swift in Sources */ = {isa = PBXBuildFile; fileRef = 5CF1931819EF569C00CB21EC /* JSONHelper.swift */; };
		5CF1931A19EF56C900CB21EC /* BusArrival.swift in Sources */ = {isa = PBXBuildFile; fileRef = 5CF1931219EF569500CB21EC /* BusArrival.swift */; };
		5CF1931B19EF56CC00CB21EC /* BusRoute.swift in Sources */ = {isa = PBXBuildFile; fileRef = 5CF1931319EF569500CB21EC /* BusRoute.swift */; };
		5CF1931C19EF56CF00CB21EC /* BusStop.swift in Sources */ = {isa = PBXBuildFile; fileRef = 5CF1931419EF569500CB21EC /* BusStop.swift */; };
		5CF1931D19EF56D900CB21EC /* CorvallisBusService.swift in Sources */ = {isa = PBXBuildFile; fileRef = 5CF1930F19EF52F400CB21EC /* CorvallisBusService.swift */; };
		5CF1931E19EF57E300CB21EC /* JSONHelper.swift in Sources */ = {isa = PBXBuildFile; fileRef = 5CF1931819EF569C00CB21EC /* JSONHelper.swift */; };
		5CF1931F19EF58A500CB21EC /* JSONHelper.swift in Sources */ = {isa = PBXBuildFile; fileRef = 5CF1931819EF569C00CB21EC /* JSONHelper.swift */; };
		5CF1932019EF58B000CB21EC /* BusArrival.swift in Sources */ = {isa = PBXBuildFile; fileRef = 5CF1931219EF569500CB21EC /* BusArrival.swift */; };
		5CF1932119EF58B200CB21EC /* BusRoute.swift in Sources */ = {isa = PBXBuildFile; fileRef = 5CF1931319EF569500CB21EC /* BusRoute.swift */; };
		5CF1932219EF58B500CB21EC /* BusStop.swift in Sources */ = {isa = PBXBuildFile; fileRef = 5CF1931419EF569500CB21EC /* BusStop.swift */; };
/* End PBXBuildFile section */

/* Begin PBXContainerItemProxy section */
		5C4937E419CFCB82009A2FB2 /* PBXContainerItemProxy */ = {
			isa = PBXContainerItemProxy;
			containerPortal = 5C4937C419CFCB82009A2FB2 /* Project object */;
			proxyType = 1;
			remoteGlobalIDString = 5C4937CB19CFCB82009A2FB2;
			remoteInfo = CorvallisBus;
		};
		5CF192B319EF513100CB21EC /* PBXContainerItemProxy */ = {
			isa = PBXContainerItemProxy;
			containerPortal = 5C4937C419CFCB82009A2FB2 /* Project object */;
			proxyType = 1;
			remoteGlobalIDString = 5CF192A719EF513100CB21EC;
			remoteInfo = CorvallisBusTodayExtension;
		};
		5CF192B619EF513100CB21EC /* PBXContainerItemProxy */ = {
			isa = PBXContainerItemProxy;
			containerPortal = 5C4937C419CFCB82009A2FB2 /* Project object */;
			proxyType = 1;
			remoteGlobalIDString = 5CF192A719EF513100CB21EC;
			remoteInfo = CorvallisBusTodayExtension;
		};
		5CF192FB19EF52B500CB21EC /* PBXContainerItemProxy */ = {
			isa = PBXContainerItemProxy;
			containerPortal = 5C4937C419CFCB82009A2FB2 /* Project object */;
			proxyType = 1;
			remoteGlobalIDString = 5C4937CB19CFCB82009A2FB2;
			remoteInfo = CorvallisBus;
		};
		5CF1930219EF52B500CB21EC /* PBXContainerItemProxy */ = {
			isa = PBXContainerItemProxy;
			containerPortal = 5C4937C419CFCB82009A2FB2 /* Project object */;
			proxyType = 1;
			remoteGlobalIDString = 5CF192EF19EF52B500CB21EC;
			remoteInfo = CorvallisBusFramework;
		};
		5CF1930619EF52B600CB21EC /* PBXContainerItemProxy */ = {
			isa = PBXContainerItemProxy;
			containerPortal = 5C4937C419CFCB82009A2FB2 /* Project object */;
			proxyType = 1;
			remoteGlobalIDString = 5CF192EF19EF52B500CB21EC;
			remoteInfo = CorvallisBusFramework;
		};
/* End PBXContainerItemProxy section */

/* Begin PBXCopyFilesBuildPhase section */
		5CF192BB19EF513100CB21EC /* Embed App Extensions */ = {
			isa = PBXCopyFilesBuildPhase;
			buildActionMask = 2147483647;
			dstPath = "";
			dstSubfolderSpec = 13;
			files = (
				5CF192B519EF513100CB21EC /* CorvallisBusTodayExtension.appex in Embed App Extensions */,
			);
			name = "Embed App Extensions";
			runOnlyForDeploymentPostprocessing = 0;
		};
		5CF1930B19EF52B600CB21EC /* Embed Frameworks */ = {
			isa = PBXCopyFilesBuildPhase;
			buildActionMask = 2147483647;
			dstPath = "";
			dstSubfolderSpec = 10;
			files = (
				5CF1930519EF52B500CB21EC /* CorvallisBusFramework.framework in Embed Frameworks */,
			);
			name = "Embed Frameworks";
			runOnlyForDeploymentPostprocessing = 0;
		};
/* End PBXCopyFilesBuildPhase section */

/* Begin PBXFileReference section */
		5C02311119E9C69900135B42 /* CorvallisBus.entitlements */ = {isa = PBXFileReference; lastKnownFileType = text.xml; path = CorvallisBus.entitlements; sourceTree = "<group>"; };
		5C1E467019D8E5D600B95798 /* StopsTableViewController.swift */ = {isa = PBXFileReference; fileEncoding = 4; lastKnownFileType = sourcecode.swift; path = StopsTableViewController.swift; sourceTree = "<group>"; };
		5C22684019F1DF1300B8A694 /* FavoritesTableViewController.swift */ = {isa = PBXFileReference; fileEncoding = 4; lastKnownFileType = sourcecode.swift; path = FavoritesTableViewController.swift; sourceTree = "<group>"; };
		5C4937CC19CFCB82009A2FB2 /* CorvallisBus.app */ = {isa = PBXFileReference; explicitFileType = wrapper.application; includeInIndex = 0; path = CorvallisBus.app; sourceTree = BUILT_PRODUCTS_DIR; };
		5C4937D019CFCB82009A2FB2 /* Info.plist */ = {isa = PBXFileReference; lastKnownFileType = text.plist.xml; path = Info.plist; sourceTree = "<group>"; };
		5C4937D119CFCB82009A2FB2 /* AppDelegate.swift */ = {isa = PBXFileReference; lastKnownFileType = sourcecode.swift; path = AppDelegate.swift; sourceTree = "<group>"; };
		5C4937D819CFCB82009A2FB2 /* Base */ = {isa = PBXFileReference; lastKnownFileType = file.storyboard; name = Base; path = Base.lproj/Main.storyboard; sourceTree = "<group>"; };
		5C4937DA19CFCB82009A2FB2 /* Images.xcassets */ = {isa = PBXFileReference; lastKnownFileType = folder.assetcatalog; path = Images.xcassets; sourceTree = "<group>"; };
		5C4937DD19CFCB82009A2FB2 /* Base */ = {isa = PBXFileReference; lastKnownFileType = file.xib; name = Base; path = Base.lproj/LaunchScreen.xib; sourceTree = "<group>"; };
		5C4937E319CFCB82009A2FB2 /* CorvallisBusTests.xctest */ = {isa = PBXFileReference; explicitFileType = wrapper.cfbundle; includeInIndex = 0; path = CorvallisBusTests.xctest; sourceTree = BUILT_PRODUCTS_DIR; };
		5C4937E819CFCB82009A2FB2 /* Info.plist */ = {isa = PBXFileReference; lastKnownFileType = text.plist.xml; path = Info.plist; sourceTree = "<group>"; };
		5C4937E919CFCB82009A2FB2 /* CorvallisBusTests.swift */ = {isa = PBXFileReference; lastKnownFileType = sourcecode.swift; path = CorvallisBusTests.swift; sourceTree = "<group>"; };
		5C6565CE19F342E300585B5B /* Utils.swift */ = {isa = PBXFileReference; fileEncoding = 4; lastKnownFileType = sourcecode.swift; path = Utils.swift; sourceTree = "<group>"; };
		5C82118B19D3BBC500CD4462 /* RoutesTableViewController.swift */ = {isa = PBXFileReference; fileEncoding = 4; lastKnownFileType = sourcecode.swift; path = RoutesTableViewController.swift; sourceTree = "<group>"; };
		5CB589FA19E22F9C00327783 /* ArrivalViewController.swift */ = {isa = PBXFileReference; fileEncoding = 4; lastKnownFileType = sourcecode.swift; path = ArrivalViewController.swift; sourceTree = "<group>"; };
		5CE5614D19D1097100A1A600 /* JSONDeserializationTests.swift */ = {isa = PBXFileReference; fileEncoding = 4; lastKnownFileType = sourcecode.swift; path = JSONDeserializationTests.swift; sourceTree = "<group>"; };
		5CF192A819EF513100CB21EC /* CorvallisBusTodayExtension.appex */ = {isa = PBXFileReference; explicitFileType = "wrapper.app-extension"; includeInIndex = 0; path = CorvallisBusTodayExtension.appex; sourceTree = BUILT_PRODUCTS_DIR; };
		5CF192AA19EF513100CB21EC /* NotificationCenter.framework */ = {isa = PBXFileReference; lastKnownFileType = wrapper.framework; name = NotificationCenter.framework; path = System/Library/Frameworks/NotificationCenter.framework; sourceTree = SDKROOT; };
		5CF192AE19EF513100CB21EC /* Info.plist */ = {isa = PBXFileReference; lastKnownFileType = text.plist.xml; path = Info.plist; sourceTree = "<group>"; };
		5CF192AF19EF513100CB21EC /* TodayViewController.swift */ = {isa = PBXFileReference; lastKnownFileType = sourcecode.swift; path = TodayViewController.swift; sourceTree = "<group>"; };
		5CF192B119EF513100CB21EC /* MainInterface.storyboard */ = {isa = PBXFileReference; lastKnownFileType = file.storyboard; path = MainInterface.storyboard; sourceTree = "<group>"; };
		5CF192BC19EF513900CB21EC /* CorvallisBusTodayExtension.entitlements */ = {isa = PBXFileReference; lastKnownFileType = text.xml; path = CorvallisBusTodayExtension.entitlements; sourceTree = "<group>"; };
		5CF192F019EF52B500CB21EC /* CorvallisBusFramework.framework */ = {isa = PBXFileReference; explicitFileType = wrapper.framework; includeInIndex = 0; path = CorvallisBusFramework.framework; sourceTree = BUILT_PRODUCTS_DIR; };
		5CF192F319EF52B500CB21EC /* Info.plist */ = {isa = PBXFileReference; lastKnownFileType = text.plist.xml; path = Info.plist; sourceTree = "<group>"; };
		5CF192F419EF52B500CB21EC /* CorvallisBusFramework.h */ = {isa = PBXFileReference; lastKnownFileType = sourcecode.c.h; path = CorvallisBusFramework.h; sourceTree = "<group>"; };
		5CF192FA19EF52B500CB21EC /* CorvallisBusFrameworkTests.xctest */ = {isa = PBXFileReference; explicitFileType = wrapper.cfbundle; includeInIndex = 0; path = CorvallisBusFrameworkTests.xctest; sourceTree = BUILT_PRODUCTS_DIR; };
		5CF192FF19EF52B500CB21EC /* Info.plist */ = {isa = PBXFileReference; lastKnownFileType = text.plist.xml; path = Info.plist; sourceTree = "<group>"; };
		5CF1930019EF52B500CB21EC /* CorvallisBusFrameworkTests.swift */ = {isa = PBXFileReference; lastKnownFileType = sourcecode.swift; path = CorvallisBusFrameworkTests.swift; sourceTree = "<group>"; };
		5CF1930F19EF52F400CB21EC /* CorvallisBusService.swift */ = {isa = PBXFileReference; fileEncoding = 4; lastKnownFileType = sourcecode.swift; path = CorvallisBusService.swift; sourceTree = "<group>"; };
		5CF1931219EF569500CB21EC /* BusArrival.swift */ = {isa = PBXFileReference; fileEncoding = 4; lastKnownFileType = sourcecode.swift; path = BusArrival.swift; sourceTree = "<group>"; };
		5CF1931319EF569500CB21EC /* BusRoute.swift */ = {isa = PBXFileReference; fileEncoding = 4; lastKnownFileType = sourcecode.swift; path = BusRoute.swift; sourceTree = "<group>"; };
		5CF1931419EF569500CB21EC /* BusStop.swift */ = {isa = PBXFileReference; fileEncoding = 4; lastKnownFileType = sourcecode.swift; path = BusStop.swift; sourceTree = "<group>"; };
		5CF1931819EF569C00CB21EC /* JSONHelper.swift */ = {isa = PBXFileReference; fileEncoding = 4; lastKnownFileType = sourcecode.swift; path = JSONHelper.swift; sourceTree = "<group>"; };
/* End PBXFileReference section */

/* Begin PBXFrameworksBuildPhase section */
		5C4937C919CFCB82009A2FB2 /* Frameworks */ = {
			isa = PBXFrameworksBuildPhase;
			buildActionMask = 2147483647;
			files = (
				5CF1930419EF52B500CB21EC /* CorvallisBusFramework.framework in Frameworks */,
			);
			runOnlyForDeploymentPostprocessing = 0;
		};
		5C4937E019CFCB82009A2FB2 /* Frameworks */ = {
			isa = PBXFrameworksBuildPhase;
			buildActionMask = 2147483647;
			files = (
			);
			runOnlyForDeploymentPostprocessing = 0;
		};
		5CF192A519EF513100CB21EC /* Frameworks */ = {
			isa = PBXFrameworksBuildPhase;
			buildActionMask = 2147483647;
			files = (
				5CF192AB19EF513100CB21EC /* NotificationCenter.framework in Frameworks */,
			);
			runOnlyForDeploymentPostprocessing = 0;
		};
		5CF192EC19EF52B500CB21EC /* Frameworks */ = {
			isa = PBXFrameworksBuildPhase;
			buildActionMask = 2147483647;
			files = (
			);
			runOnlyForDeploymentPostprocessing = 0;
		};
		5CF192F719EF52B500CB21EC /* Frameworks */ = {
			isa = PBXFrameworksBuildPhase;
			buildActionMask = 2147483647;
			files = (
			);
			runOnlyForDeploymentPostprocessing = 0;
		};
/* End PBXFrameworksBuildPhase section */

/* Begin PBXGroup section */
		5C1E467319D8E68900B95798 /* Data Contracts */ = {
			isa = PBXGroup;
			children = (
			);
			name = "Data Contracts";
			sourceTree = "<group>";
		};
		5C1E467419D8E69400B95798 /* View Controllers */ = {
			isa = PBXGroup;
			children = (
				5C82118B19D3BBC500CD4462 /* RoutesTableViewController.swift */,
				5C1E467019D8E5D600B95798 /* StopsTableViewController.swift */,
				5CB589FA19E22F9C00327783 /* ArrivalViewController.swift */,
				5C22684019F1DF1300B8A694 /* FavoritesTableViewController.swift */,
			);
			name = "View Controllers";
			sourceTree = "<group>";
		};
		5C4937C319CFCB82009A2FB2 = {
			isa = PBXGroup;
			children = (
				5C4937CE19CFCB82009A2FB2 /* CorvallisBus */,
				5C4937E619CFCB82009A2FB2 /* CorvallisBusTests */,
				5CF192AC19EF513100CB21EC /* CorvallisBusTodayExtension */,
				5CF192F119EF52B500CB21EC /* CorvallisBusFramework */,
				5CF192FD19EF52B500CB21EC /* CorvallisBusFrameworkTests */,
				5CF192A919EF513100CB21EC /* Frameworks */,
				5C4937CD19CFCB82009A2FB2 /* Products */,
			);
			sourceTree = "<group>";
		};
		5C4937CD19CFCB82009A2FB2 /* Products */ = {
			isa = PBXGroup;
			children = (
				5C4937CC19CFCB82009A2FB2 /* CorvallisBus.app */,
				5C4937E319CFCB82009A2FB2 /* CorvallisBusTests.xctest */,
				5CF192A819EF513100CB21EC /* CorvallisBusTodayExtension.appex */,
				5CF192F019EF52B500CB21EC /* CorvallisBusFramework.framework */,
				5CF192FA19EF52B500CB21EC /* CorvallisBusFrameworkTests.xctest */,
			);
			name = Products;
			sourceTree = "<group>";
		};
		5C4937CE19CFCB82009A2FB2 /* CorvallisBus */ = {
			isa = PBXGroup;
			children = (
				5C02311119E9C69900135B42 /* CorvallisBus.entitlements */,
				5C4937D119CFCB82009A2FB2 /* AppDelegate.swift */,
				5C4937D719CFCB82009A2FB2 /* Main.storyboard */,
				5C4937DA19CFCB82009A2FB2 /* Images.xcassets */,
				5C4937DC19CFCB82009A2FB2 /* LaunchScreen.xib */,
				5C4937CF19CFCB82009A2FB2 /* Supporting Files */,
				5C1E467319D8E68900B95798 /* Data Contracts */,
				5C1E467419D8E69400B95798 /* View Controllers */,
			);
			path = CorvallisBus;
			sourceTree = "<group>";
		};
		5C4937CF19CFCB82009A2FB2 /* Supporting Files */ = {
			isa = PBXGroup;
			children = (
				5C4937D019CFCB82009A2FB2 /* Info.plist */,
			);
			name = "Supporting Files";
			sourceTree = "<group>";
		};
		5C4937E619CFCB82009A2FB2 /* CorvallisBusTests */ = {
			isa = PBXGroup;
			children = (
				5C4937E919CFCB82009A2FB2 /* CorvallisBusTests.swift */,
				5C4937E719CFCB82009A2FB2 /* Supporting Files */,
				5CE5614D19D1097100A1A600 /* JSONDeserializationTests.swift */,
			);
			path = CorvallisBusTests;
			sourceTree = "<group>";
		};
		5C4937E719CFCB82009A2FB2 /* Supporting Files */ = {
			isa = PBXGroup;
			children = (
				5C4937E819CFCB82009A2FB2 /* Info.plist */,
			);
			name = "Supporting Files";
			sourceTree = "<group>";
		};
		5CF192A919EF513100CB21EC /* Frameworks */ = {
			isa = PBXGroup;
			children = (
				5CF192AA19EF513100CB21EC /* NotificationCenter.framework */,
			);
			name = Frameworks;
			sourceTree = "<group>";
		};
		5CF192AC19EF513100CB21EC /* CorvallisBusTodayExtension */ = {
			isa = PBXGroup;
			children = (
				5CF192BC19EF513900CB21EC /* CorvallisBusTodayExtension.entitlements */,
				5CF192AF19EF513100CB21EC /* TodayViewController.swift */,
				5CF192B119EF513100CB21EC /* MainInterface.storyboard */,
				5CF192AD19EF513100CB21EC /* Supporting Files */,
			);
			path = CorvallisBusTodayExtension;
			sourceTree = "<group>";
		};
		5CF192AD19EF513100CB21EC /* Supporting Files */ = {
			isa = PBXGroup;
			children = (
				5CF192AE19EF513100CB21EC /* Info.plist */,
			);
			name = "Supporting Files";
			sourceTree = "<group>";
		};
		5CF192F119EF52B500CB21EC /* CorvallisBusFramework */ = {
			isa = PBXGroup;
			children = (
				5CF1931819EF569C00CB21EC /* JSONHelper.swift */,
				5CF1931119EF556600CB21EC /* Data Contracts */,
				5CF192F419EF52B500CB21EC /* CorvallisBusFramework.h */,
				5CF192F219EF52B500CB21EC /* Supporting Files */,
				5CF1930F19EF52F400CB21EC /* CorvallisBusService.swift */,
				5C6565CE19F342E300585B5B /* Utils.swift */,
			);
			path = CorvallisBusFramework;
			sourceTree = "<group>";
		};
		5CF192F219EF52B500CB21EC /* Supporting Files */ = {
			isa = PBXGroup;
			children = (
				5CF192F319EF52B500CB21EC /* Info.plist */,
			);
			name = "Supporting Files";
			sourceTree = "<group>";
		};
		5CF192FD19EF52B500CB21EC /* CorvallisBusFrameworkTests */ = {
			isa = PBXGroup;
			children = (
				5CF1930019EF52B500CB21EC /* CorvallisBusFrameworkTests.swift */,
				5CF192FE19EF52B500CB21EC /* Supporting Files */,
			);
			path = CorvallisBusFrameworkTests;
			sourceTree = "<group>";
		};
		5CF192FE19EF52B500CB21EC /* Supporting Files */ = {
			isa = PBXGroup;
			children = (
				5CF192FF19EF52B500CB21EC /* Info.plist */,
			);
			name = "Supporting Files";
			sourceTree = "<group>";
		};
		5CF1931119EF556600CB21EC /* Data Contracts */ = {
			isa = PBXGroup;
			children = (
				5CF1931219EF569500CB21EC /* BusArrival.swift */,
				5CF1931319EF569500CB21EC /* BusRoute.swift */,
				5CF1931419EF569500CB21EC /* BusStop.swift */,
			);
			name = "Data Contracts";
			sourceTree = "<group>";
		};
/* End PBXGroup section */

/* Begin PBXHeadersBuildPhase section */
		5CF192ED19EF52B500CB21EC /* Headers */ = {
			isa = PBXHeadersBuildPhase;
			buildActionMask = 2147483647;
			files = (
				5CF192F519EF52B500CB21EC /* CorvallisBusFramework.h in Headers */,
			);
			runOnlyForDeploymentPostprocessing = 0;
		};
/* End PBXHeadersBuildPhase section */

/* Begin PBXNativeTarget section */
		5C4937CB19CFCB82009A2FB2 /* CorvallisBus */ = {
			isa = PBXNativeTarget;
			buildConfigurationList = 5C4937ED19CFCB82009A2FB2 /* Build configuration list for PBXNativeTarget "CorvallisBus" */;
			buildPhases = (
				5C4937C819CFCB82009A2FB2 /* Sources */,
				5C4937C919CFCB82009A2FB2 /* Frameworks */,
				5C4937CA19CFCB82009A2FB2 /* Resources */,
				5CF192BB19EF513100CB21EC /* Embed App Extensions */,
				5CF1930B19EF52B600CB21EC /* Embed Frameworks */,
			);
			buildRules = (
			);
			dependencies = (
				5CF192B419EF513100CB21EC /* PBXTargetDependency */,
				5CF192B719EF513100CB21EC /* PBXTargetDependency */,
				5CF1930319EF52B500CB21EC /* PBXTargetDependency */,
				5CF1930719EF52B600CB21EC /* PBXTargetDependency */,
			);
			name = CorvallisBus;
			productName = CorvallisBus;
			productReference = 5C4937CC19CFCB82009A2FB2 /* CorvallisBus.app */;
			productType = "com.apple.product-type.application";
		};
		5C4937E219CFCB82009A2FB2 /* CorvallisBusTests */ = {
			isa = PBXNativeTarget;
			buildConfigurationList = 5C4937F019CFCB82009A2FB2 /* Build configuration list for PBXNativeTarget "CorvallisBusTests" */;
			buildPhases = (
				5C4937DF19CFCB82009A2FB2 /* Sources */,
				5C4937E019CFCB82009A2FB2 /* Frameworks */,
				5C4937E119CFCB82009A2FB2 /* Resources */,
			);
			buildRules = (
			);
			dependencies = (
				5C4937E519CFCB82009A2FB2 /* PBXTargetDependency */,
			);
			name = CorvallisBusTests;
			productName = CorvallisBusTests;
			productReference = 5C4937E319CFCB82009A2FB2 /* CorvallisBusTests.xctest */;
			productType = "com.apple.product-type.bundle.unit-test";
		};
		5CF192A719EF513100CB21EC /* CorvallisBusTodayExtension */ = {
			isa = PBXNativeTarget;
			buildConfigurationList = 5CF192B819EF513100CB21EC /* Build configuration list for PBXNativeTarget "CorvallisBusTodayExtension" */;
			buildPhases = (
				5CF192A419EF513100CB21EC /* Sources */,
				5CF192A519EF513100CB21EC /* Frameworks */,
				5CF192A619EF513100CB21EC /* Resources */,
			);
			buildRules = (
			);
			dependencies = (
			);
			name = CorvallisBusTodayExtension;
			productName = CorvallisBusTodayExtension;
			productReference = 5CF192A819EF513100CB21EC /* CorvallisBusTodayExtension.appex */;
			productType = "com.apple.product-type.app-extension";
		};
		5CF192EF19EF52B500CB21EC /* CorvallisBusFramework */ = {
			isa = PBXNativeTarget;
			buildConfigurationList = 5CF1930819EF52B600CB21EC /* Build configuration list for PBXNativeTarget "CorvallisBusFramework" */;
			buildPhases = (
				5CF192EB19EF52B500CB21EC /* Sources */,
				5CF192EC19EF52B500CB21EC /* Frameworks */,
				5CF192ED19EF52B500CB21EC /* Headers */,
				5CF192EE19EF52B500CB21EC /* Resources */,
			);
			buildRules = (
			);
			dependencies = (
			);
			name = CorvallisBusFramework;
			productName = CorvallisBusFramework;
			productReference = 5CF192F019EF52B500CB21EC /* CorvallisBusFramework.framework */;
			productType = "com.apple.product-type.framework";
		};
		5CF192F919EF52B500CB21EC /* CorvallisBusFrameworkTests */ = {
			isa = PBXNativeTarget;
			buildConfigurationList = 5CF1930C19EF52B600CB21EC /* Build configuration list for PBXNativeTarget "CorvallisBusFrameworkTests" */;
			buildPhases = (
				5CF192F619EF52B500CB21EC /* Sources */,
				5CF192F719EF52B500CB21EC /* Frameworks */,
				5CF192F819EF52B500CB21EC /* Resources */,
			);
			buildRules = (
			);
			dependencies = (
				5CF192FC19EF52B500CB21EC /* PBXTargetDependency */,
			);
			name = CorvallisBusFrameworkTests;
			productName = CorvallisBusFrameworkTests;
			productReference = 5CF192FA19EF52B500CB21EC /* CorvallisBusFrameworkTests.xctest */;
			productType = "com.apple.product-type.bundle.unit-test";
		};
/* End PBXNativeTarget section */

/* Begin PBXProject section */
		5C4937C419CFCB82009A2FB2 /* Project object */ = {
			isa = PBXProject;
			attributes = {
				LastUpgradeCheck = 0600;
				ORGANIZATIONNAME = "Rikki Gibson";
				TargetAttributes = {
					5C4937CB19CFCB82009A2FB2 = {
						CreatedOnToolsVersion = 6.0.1;
						DevelopmentTeam = 6M3YNUD5R9;
						SystemCapabilities = {
							com.apple.ApplicationGroups.iOS = {
								enabled = 1;
							};
						};
					};
					5C4937E219CFCB82009A2FB2 = {
						CreatedOnToolsVersion = 6.0.1;
						DevelopmentTeam = 6M3YNUD5R9;
						TestTargetID = 5C4937CB19CFCB82009A2FB2;
					};
					5CF192A719EF513100CB21EC = {
						CreatedOnToolsVersion = 6.0.1;
						DevelopmentTeam = 6M3YNUD5R9;
						SystemCapabilities = {
							com.apple.ApplicationGroups.iOS = {
								enabled = 1;
							};
						};
					};
					5CF192EF19EF52B500CB21EC = {
						CreatedOnToolsVersion = 6.0.1;
						DevelopmentTeam = 6M3YNUD5R9;
					};
					5CF192F919EF52B500CB21EC = {
						CreatedOnToolsVersion = 6.0.1;
						TestTargetID = 5C4937CB19CFCB82009A2FB2;
					};
				};
			};
			buildConfigurationList = 5C4937C719CFCB82009A2FB2 /* Build configuration list for PBXProject "CorvallisBus" */;
			compatibilityVersion = "Xcode 3.2";
			developmentRegion = English;
			hasScannedForEncodings = 0;
			knownRegions = (
				en,
				Base,
			);
			mainGroup = 5C4937C319CFCB82009A2FB2;
			productRefGroup = 5C4937CD19CFCB82009A2FB2 /* Products */;
			projectDirPath = "";
			projectRoot = "";
			targets = (
				5C4937CB19CFCB82009A2FB2 /* CorvallisBus */,
				5C4937E219CFCB82009A2FB2 /* CorvallisBusTests */,
				5CF192A719EF513100CB21EC /* CorvallisBusTodayExtension */,
				5CF192EF19EF52B500CB21EC /* CorvallisBusFramework */,
				5CF192F919EF52B500CB21EC /* CorvallisBusFrameworkTests */,
			);
		};
/* End PBXProject section */

/* Begin PBXResourcesBuildPhase section */
		5C4937CA19CFCB82009A2FB2 /* Resources */ = {
			isa = PBXResourcesBuildPhase;
			buildActionMask = 2147483647;
			files = (
				5C4937D919CFCB82009A2FB2 /* Main.storyboard in Resources */,
				5C4937DE19CFCB82009A2FB2 /* LaunchScreen.xib in Resources */,
				5C4937DB19CFCB82009A2FB2 /* Images.xcassets in Resources */,
			);
			runOnlyForDeploymentPostprocessing = 0;
		};
		5C4937E119CFCB82009A2FB2 /* Resources */ = {
			isa = PBXResourcesBuildPhase;
			buildActionMask = 2147483647;
			files = (
			);
			runOnlyForDeploymentPostprocessing = 0;
		};
		5CF192A619EF513100CB21EC /* Resources */ = {
			isa = PBXResourcesBuildPhase;
			buildActionMask = 2147483647;
			files = (
				5CF192B219EF513100CB21EC /* MainInterface.storyboard in Resources */,
			);
			runOnlyForDeploymentPostprocessing = 0;
		};
		5CF192EE19EF52B500CB21EC /* Resources */ = {
			isa = PBXResourcesBuildPhase;
			buildActionMask = 2147483647;
			files = (
			);
			runOnlyForDeploymentPostprocessing = 0;
		};
		5CF192F819EF52B500CB21EC /* Resources */ = {
			isa = PBXResourcesBuildPhase;
			buildActionMask = 2147483647;
			files = (
			);
			runOnlyForDeploymentPostprocessing = 0;
		};
/* End PBXResourcesBuildPhase section */

/* Begin PBXSourcesBuildPhase section */
		5C4937C819CFCB82009A2FB2 /* Sources */ = {
			isa = PBXSourcesBuildPhase;
			buildActionMask = 2147483647;
			files = (
				5CF1931C19EF56CF00CB21EC /* BusStop.swift in Sources */,
				5CF1931B19EF56CC00CB21EC /* BusRoute.swift in Sources */,
				5CF1931A19EF56C900CB21EC /* BusArrival.swift in Sources */,
				5C22684119F1DF1300B8A694 /* FavoritesTableViewController.swift in Sources */,
				5CB589FB19E22F9C00327783 /* ArrivalViewController.swift in Sources */,
				5CF1931D19EF56D900CB21EC /* CorvallisBusService.swift in Sources */,
				5C1E467119D8E5D600B95798 /* StopsTableViewController.swift in Sources */,
				5C6565D119F3447D00585B5B /* Utils.swift in Sources */,
				5C82118C19D3BBC500CD4462 /* RoutesTableViewController.swift in Sources */,
				5C4937D219CFCB82009A2FB2 /* AppDelegate.swift in Sources */,
				5CF1931E19EF57E300CB21EC /* JSONHelper.swift in Sources */,
			);
			runOnlyForDeploymentPostprocessing = 0;
		};
		5C4937DF19CFCB82009A2FB2 /* Sources */ = {
			isa = PBXSourcesBuildPhase;
			buildActionMask = 2147483647;
			files = (
				5CF1932219EF58B500CB21EC /* BusStop.swift in Sources */,
				5CF1931F19EF58A500CB21EC /* JSONHelper.swift in Sources */,
				5CE5614E19D1097100A1A600 /* JSONDeserializationTests.swift in Sources */,
				5C6565D219F3447E00585B5B /* Utils.swift in Sources */,
				5CF1932119EF58B200CB21EC /* BusRoute.swift in Sources */,
				5CF1932019EF58B000CB21EC /* BusArrival.swift in Sources */,
				5C4937EA19CFCB82009A2FB2 /* CorvallisBusTests.swift in Sources */,
			);
			runOnlyForDeploymentPostprocessing = 0;
		};
		5CF192A419EF513100CB21EC /* Sources */ = {
			isa = PBXSourcesBuildPhase;
			buildActionMask = 2147483647;
			files = (
				5CF192B019EF513100CB21EC /* TodayViewController.swift in Sources */,
				5C6565D319F3447E00585B5B /* Utils.swift in Sources */,
			);
			runOnlyForDeploymentPostprocessing = 0;
		};
		5CF192EB19EF52B500CB21EC /* Sources */ = {
			isa = PBXSourcesBuildPhase;
			buildActionMask = 2147483647;
			files = (
				5CF1931719EF569500CB21EC /* BusStop.swift in Sources */,
				5CF1931619EF569500CB21EC /* BusRoute.swift in Sources */,
				5CF1931519EF569500CB21EC /* BusArrival.swift in Sources */,
				5CF1931019EF52F400CB21EC /* CorvallisBusService.swift in Sources */,
				5CF1931919EF569C00CB21EC /* JSONHelper.swift in Sources */,
				5C6565CF19F342E300585B5B /* Utils.swift in Sources */,
			);
			runOnlyForDeploymentPostprocessing = 0;
		};
		5CF192F619EF52B500CB21EC /* Sources */ = {
			isa = PBXSourcesBuildPhase;
			buildActionMask = 2147483647;
			files = (
				5CF1930119EF52B500CB21EC /* CorvallisBusFrameworkTests.swift in Sources */,
				5C6565D019F3442900585B5B /* Utils.swift in Sources */,
			);
			runOnlyForDeploymentPostprocessing = 0;
		};
/* End PBXSourcesBuildPhase section */

/* Begin PBXTargetDependency section */
		5C4937E519CFCB82009A2FB2 /* PBXTargetDependency */ = {
			isa = PBXTargetDependency;
			target = 5C4937CB19CFCB82009A2FB2 /* CorvallisBus */;
			targetProxy = 5C4937E419CFCB82009A2FB2 /* PBXContainerItemProxy */;
		};
		5CF192B419EF513100CB21EC /* PBXTargetDependency */ = {
			isa = PBXTargetDependency;
			target = 5CF192A719EF513100CB21EC /* CorvallisBusTodayExtension */;
			targetProxy = 5CF192B319EF513100CB21EC /* PBXContainerItemProxy */;
		};
		5CF192B719EF513100CB21EC /* PBXTargetDependency */ = {
			isa = PBXTargetDependency;
			target = 5CF192A719EF513100CB21EC /* CorvallisBusTodayExtension */;
			targetProxy = 5CF192B619EF513100CB21EC /* PBXContainerItemProxy */;
		};
		5CF192FC19EF52B500CB21EC /* PBXTargetDependency */ = {
			isa = PBXTargetDependency;
			target = 5C4937CB19CFCB82009A2FB2 /* CorvallisBus */;
			targetProxy = 5CF192FB19EF52B500CB21EC /* PBXContainerItemProxy */;
		};
		5CF1930319EF52B500CB21EC /* PBXTargetDependency */ = {
			isa = PBXTargetDependency;
			target = 5CF192EF19EF52B500CB21EC /* CorvallisBusFramework */;
			targetProxy = 5CF1930219EF52B500CB21EC /* PBXContainerItemProxy */;
		};
		5CF1930719EF52B600CB21EC /* PBXTargetDependency */ = {
			isa = PBXTargetDependency;
			target = 5CF192EF19EF52B500CB21EC /* CorvallisBusFramework */;
			targetProxy = 5CF1930619EF52B600CB21EC /* PBXContainerItemProxy */;
		};
/* End PBXTargetDependency section */

/* Begin PBXVariantGroup section */
		5C4937D719CFCB82009A2FB2 /* Main.storyboard */ = {
			isa = PBXVariantGroup;
			children = (
				5C4937D819CFCB82009A2FB2 /* Base */,
			);
			name = Main.storyboard;
			sourceTree = "<group>";
		};
		5C4937DC19CFCB82009A2FB2 /* LaunchScreen.xib */ = {
			isa = PBXVariantGroup;
			children = (
				5C4937DD19CFCB82009A2FB2 /* Base */,
			);
			name = LaunchScreen.xib;
			sourceTree = "<group>";
		};
/* End PBXVariantGroup section */

/* Begin XCBuildConfiguration section */
		5C4937EB19CFCB82009A2FB2 /* Debug */ = {
			isa = XCBuildConfiguration;
			buildSettings = {
				ALWAYS_SEARCH_USER_PATHS = NO;
				CLANG_CXX_LANGUAGE_STANDARD = "gnu++0x";
				CLANG_CXX_LIBRARY = "libc++";
				CLANG_ENABLE_MODULES = YES;
				CLANG_ENABLE_OBJC_ARC = YES;
				CLANG_WARN_BOOL_CONVERSION = YES;
				CLANG_WARN_CONSTANT_CONVERSION = YES;
				CLANG_WARN_DIRECT_OBJC_ISA_USAGE = YES_ERROR;
				CLANG_WARN_EMPTY_BODY = YES;
				CLANG_WARN_ENUM_CONVERSION = YES;
				CLANG_WARN_INT_CONVERSION = YES;
				CLANG_WARN_OBJC_ROOT_CLASS = YES_ERROR;
				CLANG_WARN_UNREACHABLE_CODE = YES;
				CLANG_WARN__DUPLICATE_METHOD_MATCH = YES;
				"CODE_SIGN_IDENTITY[sdk=iphoneos*]" = "iPhone Developer";
				COPY_PHASE_STRIP = NO;
				ENABLE_STRICT_OBJC_MSGSEND = YES;
				GCC_C_LANGUAGE_STANDARD = gnu99;
				GCC_DYNAMIC_NO_PIC = NO;
				GCC_OPTIMIZATION_LEVEL = 0;
				GCC_PREPROCESSOR_DEFINITIONS = (
					"DEBUG=1",
					"$(inherited)",
				);
				GCC_SYMBOLS_PRIVATE_EXTERN = NO;
				GCC_WARN_64_TO_32_BIT_CONVERSION = YES;
				GCC_WARN_ABOUT_RETURN_TYPE = YES_ERROR;
				GCC_WARN_UNDECLARED_SELECTOR = YES;
				GCC_WARN_UNINITIALIZED_AUTOS = YES_AGGRESSIVE;
				GCC_WARN_UNUSED_FUNCTION = YES;
				GCC_WARN_UNUSED_VARIABLE = YES;
				IPHONEOS_DEPLOYMENT_TARGET = 8.0;
				MTL_ENABLE_DEBUG_INFO = YES;
				ONLY_ACTIVE_ARCH = YES;
				SDKROOT = iphoneos;
				SWIFT_OPTIMIZATION_LEVEL = "-Onone";
			};
			name = Debug;
		};
		5C4937EC19CFCB82009A2FB2 /* Release */ = {
			isa = XCBuildConfiguration;
			buildSettings = {
				ALWAYS_SEARCH_USER_PATHS = NO;
				CLANG_CXX_LANGUAGE_STANDARD = "gnu++0x";
				CLANG_CXX_LIBRARY = "libc++";
				CLANG_ENABLE_MODULES = YES;
				CLANG_ENABLE_OBJC_ARC = YES;
				CLANG_WARN_BOOL_CONVERSION = YES;
				CLANG_WARN_CONSTANT_CONVERSION = YES;
				CLANG_WARN_DIRECT_OBJC_ISA_USAGE = YES_ERROR;
				CLANG_WARN_EMPTY_BODY = YES;
				CLANG_WARN_ENUM_CONVERSION = YES;
				CLANG_WARN_INT_CONVERSION = YES;
				CLANG_WARN_OBJC_ROOT_CLASS = YES_ERROR;
				CLANG_WARN_UNREACHABLE_CODE = YES;
				CLANG_WARN__DUPLICATE_METHOD_MATCH = YES;
				"CODE_SIGN_IDENTITY[sdk=iphoneos*]" = "iPhone Developer";
				COPY_PHASE_STRIP = YES;
				ENABLE_NS_ASSERTIONS = NO;
				ENABLE_STRICT_OBJC_MSGSEND = YES;
				GCC_C_LANGUAGE_STANDARD = gnu99;
				GCC_WARN_64_TO_32_BIT_CONVERSION = YES;
				GCC_WARN_ABOUT_RETURN_TYPE = YES_ERROR;
				GCC_WARN_UNDECLARED_SELECTOR = YES;
				GCC_WARN_UNINITIALIZED_AUTOS = YES_AGGRESSIVE;
				GCC_WARN_UNUSED_FUNCTION = YES;
				GCC_WARN_UNUSED_VARIABLE = YES;
				IPHONEOS_DEPLOYMENT_TARGET = 8.0;
				MTL_ENABLE_DEBUG_INFO = NO;
				SDKROOT = iphoneos;
				VALIDATE_PRODUCT = YES;
			};
			name = Release;
		};
		5C4937EE19CFCB82009A2FB2 /* Debug */ = {
			isa = XCBuildConfiguration;
			buildSettings = {
				ASSETCATALOG_COMPILER_APPICON_NAME = AppIcon;
				CODE_SIGN_ENTITLEMENTS = CorvallisBus/CorvallisBus.entitlements;
				CODE_SIGN_IDENTITY = "iPhone Developer";
				"CODE_SIGN_IDENTITY[sdk=iphoneos*]" = "iPhone Developer";
				INFOPLIST_FILE = CorvallisBus/Info.plist;
				LD_RUNPATH_SEARCH_PATHS = "$(inherited) @executable_path/Frameworks";
				PRODUCT_NAME = "$(TARGET_NAME)";
				PROVISIONING_PROFILE = "";
			};
			name = Debug;
		};
		5C4937EF19CFCB82009A2FB2 /* Release */ = {
			isa = XCBuildConfiguration;
			buildSettings = {
				ASSETCATALOG_COMPILER_APPICON_NAME = AppIcon;
				CODE_SIGN_ENTITLEMENTS = CorvallisBus/CorvallisBus.entitlements;
				CODE_SIGN_IDENTITY = "iPhone Developer";
				"CODE_SIGN_IDENTITY[sdk=iphoneos*]" = "iPhone Developer";
				INFOPLIST_FILE = CorvallisBus/Info.plist;
				LD_RUNPATH_SEARCH_PATHS = "$(inherited) @executable_path/Frameworks";
				PRODUCT_NAME = "$(TARGET_NAME)";
				PROVISIONING_PROFILE = "";
			};
			name = Release;
		};
		5C4937F119CFCB82009A2FB2 /* Debug */ = {
			isa = XCBuildConfiguration;
			buildSettings = {
				BUNDLE_LOADER = "$(TEST_HOST)";
				CODE_SIGN_IDENTITY = "iPhone Developer";
				"CODE_SIGN_IDENTITY[sdk=iphoneos*]" = "iPhone Developer";
				FRAMEWORK_SEARCH_PATHS = (
					"$(SDKROOT)/Developer/Library/Frameworks",
					"$(inherited)",
				);
				GCC_PREPROCESSOR_DEFINITIONS = (
					"DEBUG=1",
					"$(inherited)",
				);
				INFOPLIST_FILE = CorvallisBusTests/Info.plist;
				LD_RUNPATH_SEARCH_PATHS = "$(inherited) @executable_path/Frameworks @loader_path/Frameworks";
				PRODUCT_NAME = "$(TARGET_NAME)";
				PROVISIONING_PROFILE = "";
				TEST_HOST = "$(BUILT_PRODUCTS_DIR)/CorvallisBus.app/CorvallisBus";
			};
			name = Debug;
		};
		5C4937F219CFCB82009A2FB2 /* Release */ = {
			isa = XCBuildConfiguration;
			buildSettings = {
				BUNDLE_LOADER = "$(TEST_HOST)";
				CODE_SIGN_IDENTITY = "iPhone Developer";
				"CODE_SIGN_IDENTITY[sdk=iphoneos*]" = "iPhone Developer";
				FRAMEWORK_SEARCH_PATHS = (
					"$(SDKROOT)/Developer/Library/Frameworks",
					"$(inherited)",
				);
				INFOPLIST_FILE = CorvallisBusTests/Info.plist;
				LD_RUNPATH_SEARCH_PATHS = "$(inherited) @executable_path/Frameworks @loader_path/Frameworks";
				PRODUCT_NAME = "$(TARGET_NAME)";
				PROVISIONING_PROFILE = "";
				TEST_HOST = "$(BUILT_PRODUCTS_DIR)/CorvallisBus.app/CorvallisBus";
			};
			name = Release;
		};
		5CF192B919EF513100CB21EC /* Debug */ = {
			isa = XCBuildConfiguration;
			buildSettings = {
				CODE_SIGN_ENTITLEMENTS = CorvallisBusTodayExtension/CorvallisBusTodayExtension.entitlements;
				CODE_SIGN_IDENTITY = "iPhone Developer";
				"CODE_SIGN_IDENTITY[sdk=iphoneos*]" = "iPhone Developer";
				GCC_PREPROCESSOR_DEFINITIONS = (
					"DEBUG=1",
					"$(inherited)",
				);
				INFOPLIST_FILE = CorvallisBusTodayExtension/Info.plist;
				LD_RUNPATH_SEARCH_PATHS = "$(inherited) @executable_path/Frameworks @executable_path/../../Frameworks";
				PRODUCT_NAME = "$(TARGET_NAME)";
				PROVISIONING_PROFILE = "";
				SKIP_INSTALL = YES;
			};
			name = Debug;
		};
		5CF192BA19EF513100CB21EC /* Release */ = {
			isa = XCBuildConfiguration;
			buildSettings = {
				CODE_SIGN_ENTITLEMENTS = CorvallisBusTodayExtension/CorvallisBusTodayExtension.entitlements;
				CODE_SIGN_IDENTITY = "iPhone Developer";
				"CODE_SIGN_IDENTITY[sdk=iphoneos*]" = "iPhone Developer";
				INFOPLIST_FILE = CorvallisBusTodayExtension/Info.plist;
				LD_RUNPATH_SEARCH_PATHS = "$(inherited) @executable_path/Frameworks @executable_path/../../Frameworks";
				PRODUCT_NAME = "$(TARGET_NAME)";
				PROVISIONING_PROFILE = "";
				SKIP_INSTALL = YES;
			};
			name = Release;
		};
		5CF1930919EF52B600CB21EC /* Debug */ = {
			isa = XCBuildConfiguration;
			buildSettings = {
				CLANG_ENABLE_MODULES = YES;
				CODE_SIGN_IDENTITY = "iPhone Developer";
				"CODE_SIGN_IDENTITY[sdk=iphoneos*]" = "iPhone Developer";
				CURRENT_PROJECT_VERSION = 1;
				DEFINES_MODULE = YES;
				DYLIB_COMPATIBILITY_VERSION = 1;
				DYLIB_CURRENT_VERSION = 1;
				DYLIB_INSTALL_NAME_BASE = "@rpath";
				GCC_PREPROCESSOR_DEFINITIONS = (
					"DEBUG=1",
					"$(inherited)",
				);
				INFOPLIST_FILE = CorvallisBusFramework/Info.plist;
				INSTALL_PATH = "$(LOCAL_LIBRARY_DIR)/Frameworks";
				LD_RUNPATH_SEARCH_PATHS = "$(inherited) @executable_path/Frameworks @loader_path/Frameworks";
				PRODUCT_NAME = "$(TARGET_NAME)";
				SKIP_INSTALL = YES;
				SWIFT_OPTIMIZATION_LEVEL = "-Onone";
				TARGETED_DEVICE_FAMILY = "1,2";
				VERSIONING_SYSTEM = "apple-generic";
				VERSION_INFO_PREFIX = "";
			};
			name = Debug;
		};
		5CF1930A19EF52B600CB21EC /* Release */ = {
			isa = XCBuildConfiguration;
			buildSettings = {
				CLANG_ENABLE_MODULES = YES;
				CODE_SIGN_IDENTITY = "iPhone Developer";
				"CODE_SIGN_IDENTITY[sdk=iphoneos*]" = "iPhone Developer";
				CURRENT_PROJECT_VERSION = 1;
				DEFINES_MODULE = YES;
				DYLIB_COMPATIBILITY_VERSION = 1;
				DYLIB_CURRENT_VERSION = 1;
				DYLIB_INSTALL_NAME_BASE = "@rpath";
				INFOPLIST_FILE = CorvallisBusFramework/Info.plist;
				INSTALL_PATH = "$(LOCAL_LIBRARY_DIR)/Frameworks";
				LD_RUNPATH_SEARCH_PATHS = "$(inherited) @executable_path/Frameworks @loader_path/Frameworks";
				PRODUCT_NAME = "$(TARGET_NAME)";
				SKIP_INSTALL = YES;
				TARGETED_DEVICE_FAMILY = "1,2";
				VERSIONING_SYSTEM = "apple-generic";
				VERSION_INFO_PREFIX = "";
			};
			name = Release;
		};
		5CF1930D19EF52B600CB21EC /* Debug */ = {
			isa = XCBuildConfiguration;
			buildSettings = {
				FRAMEWORK_SEARCH_PATHS = (
					"$(SDKROOT)/Developer/Library/Frameworks",
					"$(inherited)",
				);
				GCC_PREPROCESSOR_DEFINITIONS = (
					"DEBUG=1",
					"$(inherited)",
				);
				INFOPLIST_FILE = CorvallisBusFrameworkTests/Info.plist;
				LD_RUNPATH_SEARCH_PATHS = "$(inherited) @executable_path/Frameworks @loader_path/Frameworks";
				PRODUCT_NAME = "$(TARGET_NAME)";
				TEST_HOST = "$(BUILT_PRODUCTS_DIR)/CorvallisBus.app/CorvallisBus";
			};
			name = Debug;
		};
		5CF1930E19EF52B600CB21EC /* Release */ = {
			isa = XCBuildConfiguration;
			buildSettings = {
				FRAMEWORK_SEARCH_PATHS = (
					"$(SDKROOT)/Developer/Library/Frameworks",
					"$(inherited)",
				);
				INFOPLIST_FILE = CorvallisBusFrameworkTests/Info.plist;
				LD_RUNPATH_SEARCH_PATHS = "$(inherited) @executable_path/Frameworks @loader_path/Frameworks";
				PRODUCT_NAME = "$(TARGET_NAME)";
				TEST_HOST = "$(BUILT_PRODUCTS_DIR)/CorvallisBus.app/CorvallisBus";
			};
			name = Release;
		};
/* End XCBuildConfiguration section */

/* Begin XCConfigurationList section */
		5C4937C719CFCB82009A2FB2 /* Build configuration list for PBXProject "CorvallisBus" */ = {
			isa = XCConfigurationList;
			buildConfigurations = (
				5C4937EB19CFCB82009A2FB2 /* Debug */,
				5C4937EC19CFCB82009A2FB2 /* Release */,
			);
			defaultConfigurationIsVisible = 0;
			defaultConfigurationName = Release;
		};
		5C4937ED19CFCB82009A2FB2 /* Build configuration list for PBXNativeTarget "CorvallisBus" */ = {
			isa = XCConfigurationList;
			buildConfigurations = (
				5C4937EE19CFCB82009A2FB2 /* Debug */,
				5C4937EF19CFCB82009A2FB2 /* Release */,
			);
			defaultConfigurationIsVisible = 0;
			defaultConfigurationName = Release;
		};
		5C4937F019CFCB82009A2FB2 /* Build configuration list for PBXNativeTarget "CorvallisBusTests" */ = {
			isa = XCConfigurationList;
			buildConfigurations = (
				5C4937F119CFCB82009A2FB2 /* Debug */,
				5C4937F219CFCB82009A2FB2 /* Release */,
			);
			defaultConfigurationIsVisible = 0;
			defaultConfigurationName = Release;
		};
		5CF192B819EF513100CB21EC /* Build configuration list for PBXNativeTarget "CorvallisBusTodayExtension" */ = {
			isa = XCConfigurationList;
			buildConfigurations = (
				5CF192B919EF513100CB21EC /* Debug */,
				5CF192BA19EF513100CB21EC /* Release */,
			);
			defaultConfigurationIsVisible = 0;
			defaultConfigurationName = Release;
		};
		5CF1930819EF52B600CB21EC /* Build configuration list for PBXNativeTarget "CorvallisBusFramework" */ = {
			isa = XCConfigurationList;
			buildConfigurations = (
				5CF1930919EF52B600CB21EC /* Debug */,
				5CF1930A19EF52B600CB21EC /* Release */,
			);
			defaultConfigurationIsVisible = 0;
			defaultConfigurationName = Release;
		};
		5CF1930C19EF52B600CB21EC /* Build configuration list for PBXNativeTarget "CorvallisBusFrameworkTests" */ = {
			isa = XCConfigurationList;
			buildConfigurations = (
				5CF1930D19EF52B600CB21EC /* Debug */,
				5CF1930E19EF52B600CB21EC /* Release */,
			);
			defaultConfigurationIsVisible = 0;
			defaultConfigurationName = Release;
		};
/* End XCConfigurationList section */
	};
	rootObject = 5C4937C419CFCB82009A2FB2 /* Project object */;
}
